// !$*UTF8*$!
{
	archiveVersion = 1;
	classes = {
	};
	objectVersion = 56;
	objects = {

/* Begin PBXBuildFile section */
		2B27450A2AB01CF400F37D3E /* SpecialSaveActor.swift in Sources */ = {isa = PBXBuildFile; fileRef = 2B2745092AB01CF400F37D3E /* SpecialSaveActor.swift */; };
		2B27450E2AB0380C00F37D3E /* AppContextManager.swift in Sources */ = {isa = PBXBuildFile; fileRef = 2B27450D2AB0380C00F37D3E /* AppContextManager.swift */; };
		2B2745102AB03A3D00F37D3E /* CanSimulateCopy.swift in Sources */ = {isa = PBXBuildFile; fileRef = 2B27450F2AB03A3D00F37D3E /* CanSimulateCopy.swift */; };
		2B2EF14E2AC17D4000EF2BD4 /* CustomTextField.swift in Sources */ = {isa = PBXBuildFile; fileRef = 2B2EF14D2AC17D4000EF2BD4 /* CustomTextField.swift */; };
		2B2EF1502AC40C8F00EF2BD4 /* ChatBubble.swift in Sources */ = {isa = PBXBuildFile; fileRef = 2B2EF14F2AC40C8F00EF2BD4 /* ChatBubble.swift */; };
		2B2EF1522AC40CB500EF2BD4 /* MessagePendingView.swift in Sources */ = {isa = PBXBuildFile; fileRef = 2B2EF1512AC40CB500EF2BD4 /* MessagePendingView.swift */; };
		2B33D87D2AAC3330001193A2 /* ProfileView.swift in Sources */ = {isa = PBXBuildFile; fileRef = 2B33D87C2AAC3330001193A2 /* ProfileView.swift */; };
		2B33D8832AAC4E1B001193A2 /* SpecialCutActor.swift in Sources */ = {isa = PBXBuildFile; fileRef = 2B33D8822AAC4E1B001193A2 /* SpecialCutActor.swift */; };
		2B37922F2AB8371A008D812F /* SpecialPasteActor.swift in Sources */ = {isa = PBXBuildFile; fileRef = 2B37922E2AB8371A008D812F /* SpecialPasteActor.swift */; };
		2B3792312AB83739008D812F /* CanSimulatePaste.swift in Sources */ = {isa = PBXBuildFile; fileRef = 2B3792302AB83739008D812F /* CanSimulatePaste.swift */; };
		2B3FAC212AAAF22500B2D405 /* LlamaWrapper.cpp in Sources */ = {isa = PBXBuildFile; fileRef = 2B3FAC1F2AAAF22500B2D405 /* LlamaWrapper.cpp */; };
		2B3FAC232AAAF44D00B2D405 /* LlamaWrapper.swift in Sources */ = {isa = PBXBuildFile; fileRef = 2B3FAC222AAAF44D00B2D405 /* LlamaWrapper.swift */; };
		2B44FA982ABA783F00C6B542 /* OnboardingView.swift in Sources */ = {isa = PBXBuildFile; fileRef = 2B44FA972ABA783F00C6B542 /* OnboardingView.swift */; };
		2B473E872AA85B9A0042913D /* IncognitoModeView.swift in Sources */ = {isa = PBXBuildFile; fileRef = 2B473E862AA85B9A0042913D /* IncognitoModeView.swift */; };
		2B473E892AA85BDD0042913D /* LlamaModelManager.swift in Sources */ = {isa = PBXBuildFile; fileRef = 2B473E882AA85BDD0042913D /* LlamaModelManager.swift */; };
		2B473E8C2AA860380042913D /* MenuBarExtraAccess in Frameworks */ = {isa = PBXBuildFile; productRef = 2B473E8B2AA860380042913D /* MenuBarExtraAccess */; };
		2B4BDB892ACBED2100E55D78 /* SettingsAccess in Frameworks */ = {isa = PBXBuildFile; productRef = 2B4BDB882ACBED2100E55D78 /* SettingsAccess */; };
		2B520D7F2AC6D2AD00310426 /* TableView.swift in Sources */ = {isa = PBXBuildFile; fileRef = 2B520D7E2AC6D2AD00310426 /* TableView.swift */; };
		2B520D812AC7FD4800310426 /* AuxiliaryMenuView.swift in Sources */ = {isa = PBXBuildFile; fileRef = 2B520D802AC7FD4800310426 /* AuxiliaryMenuView.swift */; };
		2B520D852AC82EA100310426 /* AccountView.swift in Sources */ = {isa = PBXBuildFile; fileRef = 2B520D842AC82EA100310426 /* AccountView.swift */; };
		2B8B952B2A9C528B00FB9EA9 /* ScriptManager.swift in Sources */ = {isa = PBXBuildFile; fileRef = 2B8B952A2A9C528B00FB9EA9 /* ScriptManager.swift */; };
		2B92BDB92AA3A2DD00E65CFA /* CustomModalWindow.swift in Sources */ = {isa = PBXBuildFile; fileRef = 2B92BDB82AA3A2DD00E65CFA /* CustomModalWindow.swift */; };
		2B92BDBB2AA3D10800E65CFA /* ModalManager.swift in Sources */ = {isa = PBXBuildFile; fileRef = 2B92BDBA2AA3D10800E65CFA /* ModalManager.swift */; };
		2BA3C2352AADAC5700537F95 /* llama in Frameworks */ = {isa = PBXBuildFile; productRef = 2BA3C2342AADAC5700537F95 /* llama */; };
		2BA3C2372AADAD9A00537F95 /* SpecialCopyActor.swift in Sources */ = {isa = PBXBuildFile; fileRef = 2BA3C2362AADAD9A00537F95 /* SpecialCopyActor.swift */; };
		2BA7F0792A9ABBA8003D38BA /* TypeaheadAIApp.swift in Sources */ = {isa = PBXBuildFile; fileRef = 2BA7F0782A9ABBA8003D38BA /* TypeaheadAIApp.swift */; };
		2BA7F07D2A9ABBA8003D38BA /* Assets.xcassets in Resources */ = {isa = PBXBuildFile; fileRef = 2BA7F07C2A9ABBA8003D38BA /* Assets.xcassets */; };
		2BA7F0802A9ABBA8003D38BA /* Preview Assets.xcassets in Resources */ = {isa = PBXBuildFile; fileRef = 2BA7F07F2A9ABBA8003D38BA /* Preview Assets.xcassets */; };
		2BA7F0822A9ABBA8003D38BA /* Persistence.swift in Sources */ = {isa = PBXBuildFile; fileRef = 2BA7F0812A9ABBA8003D38BA /* Persistence.swift */; };
		2BA7F0852A9ABBA8003D38BA /* TypeaheadAI.xcdatamodeld in Sources */ = {isa = PBXBuildFile; fileRef = 2BA7F0832A9ABBA8003D38BA /* TypeaheadAI.xcdatamodeld */; };
		2BA7F0902A9ABBA8003D38BA /* TypeaheadAITests.swift in Sources */ = {isa = PBXBuildFile; fileRef = 2BA7F08F2A9ABBA8003D38BA /* TypeaheadAITests.swift */; };
		2BA7F09A2A9ABBA8003D38BA /* TypeaheadAIUITests.swift in Sources */ = {isa = PBXBuildFile; fileRef = 2BA7F0992A9ABBA8003D38BA /* TypeaheadAIUITests.swift */; };
		2BA7F09C2A9ABBA8003D38BA /* TypeaheadAIUITestsLaunchTests.swift in Sources */ = {isa = PBXBuildFile; fileRef = 2BA7F09B2A9ABBA8003D38BA /* TypeaheadAIUITestsLaunchTests.swift */; };
		2BA7F0A92A9ABBE2003D38BA /* ClientManager.swift in Sources */ = {isa = PBXBuildFile; fileRef = 2BA7F0A82A9ABBE2003D38BA /* ClientManager.swift */; };
		2BA7F0AB2A9ABC20003D38BA /* Constants.swift in Sources */ = {isa = PBXBuildFile; fileRef = 2BA7F0AA2A9ABC20003D38BA /* Constants.swift */; };
		2BA7F0AE2A9ABC47003D38BA /* KeyboardShortcuts in Frameworks */ = {isa = PBXBuildFile; productRef = 2BA7F0AD2A9ABC47003D38BA /* KeyboardShortcuts */; };
		2BA7F0B12A9ABCA5003D38BA /* MenuPromptView.swift in Sources */ = {isa = PBXBuildFile; fileRef = 2BA7F0B02A9ABCA5003D38BA /* MenuPromptView.swift */; };
		2BA7F0B32A9ABCBF003D38BA /* MenuView.swift in Sources */ = {isa = PBXBuildFile; fileRef = 2BA7F0B22A9ABCBF003D38BA /* MenuView.swift */; };
		2BA7F0B52A9ABCD7003D38BA /* PromptManager.swift in Sources */ = {isa = PBXBuildFile; fileRef = 2BA7F0B42A9ABCD7003D38BA /* PromptManager.swift */; };
		2BA7F0B72A9ABD61003D38BA /* SettingsView.swift in Sources */ = {isa = PBXBuildFile; fileRef = 2BA7F0B62A9ABD61003D38BA /* SettingsView.swift */; };
		2BC5271C2ABD9C8200173E12 /* HistoryListView.swift in Sources */ = {isa = PBXBuildFile; fileRef = 2BC5271B2ABD9C8200173E12 /* HistoryListView.swift */; };
		2BCB017D2A9EF9A6009F9FAC /* RequestStatus.swift in Sources */ = {isa = PBXBuildFile; fileRef = 2BCB017C2A9EF9A6009F9FAC /* RequestStatus.swift */; };
		2BCF84352A9DD90F00359841 /* HistoryManager.swift in Sources */ = {isa = PBXBuildFile; fileRef = 2BCF84342A9DD90F00359841 /* HistoryManager.swift */; };
		2BCF843A2A9DE6DA00359841 /* GeneralSettingsView.swift in Sources */ = {isa = PBXBuildFile; fileRef = 2BCF84392A9DE6DA00359841 /* GeneralSettingsView.swift */; };
		2BDA45C32ABEE840006128BC /* MessageView.swift in Sources */ = {isa = PBXBuildFile; fileRef = 2BDA45C22ABEE840006128BC /* MessageView.swift */; };
		2BE0EC222AA0956C00E47C52 /* ModalView.swift in Sources */ = {isa = PBXBuildFile; fileRef = 2BE0EC212AA0956C00E47C52 /* ModalView.swift */; };
		2BE0EC272AA17F9100E47C52 /* MouseClickMonitor.swift in Sources */ = {isa = PBXBuildFile; fileRef = 2BE0EC262AA17F9100E47C52 /* MouseClickMonitor.swift */; };
		2BF558BE2AB8353B002F2008 /* LaunchAtLogin in Frameworks */ = {isa = PBXBuildFile; productRef = 2BF558BD2AB8353B002F2008 /* LaunchAtLogin */; };
		2BF929792AB04D2600FC105B /* MemoManager.swift in Sources */ = {isa = PBXBuildFile; fileRef = 2BF929782AB04D2600FC105B /* MemoManager.swift */; };
		2BF9297C2AB13EEA00FC105B /* Markdown in Frameworks */ = {isa = PBXBuildFile; productRef = 2BF9297B2AB13EEA00FC105B /* Markdown */; };
		2BF929802AB13F3600FC105B /* CodeBlockView.swift in Sources */ = {isa = PBXBuildFile; fileRef = 2BF9297F2AB13F3600FC105B /* CodeBlockView.swift */; };
		2BF929822AB13F7900FC105B /* MarkdownAttributedStringParser.swift in Sources */ = {isa = PBXBuildFile; fileRef = 2BF929812AB13F7900FC105B /* MarkdownAttributedStringParser.swift */; };
		2BF929852AB13FEC00FC105B /* Highlighter in Frameworks */ = {isa = PBXBuildFile; productRef = 2BF929842AB13FEC00FC105B /* Highlighter */; };
		2BF929872AB16C4C00FC105B /* ResponseParsingTask.swift in Sources */ = {isa = PBXBuildFile; fileRef = 2BF929862AB16C4C00FC105B /* ResponseParsingTask.swift */; };
/* End PBXBuildFile section */

/* Begin PBXContainerItemProxy section */
		2BA7F08C2A9ABBA8003D38BA /* PBXContainerItemProxy */ = {
			isa = PBXContainerItemProxy;
			containerPortal = 2BA7F06D2A9ABBA7003D38BA /* Project object */;
			proxyType = 1;
			remoteGlobalIDString = 2BA7F0742A9ABBA8003D38BA;
			remoteInfo = TypeaheadAI;
		};
		2BA7F0962A9ABBA8003D38BA /* PBXContainerItemProxy */ = {
			isa = PBXContainerItemProxy;
			containerPortal = 2BA7F06D2A9ABBA7003D38BA /* Project object */;
			proxyType = 1;
			remoteGlobalIDString = 2BA7F0742A9ABBA8003D38BA;
			remoteInfo = TypeaheadAI;
		};
/* End PBXContainerItemProxy section */

/* Begin PBXFileReference section */
		2B2745092AB01CF400F37D3E /* SpecialSaveActor.swift */ = {isa = PBXFileReference; lastKnownFileType = sourcecode.swift; path = SpecialSaveActor.swift; sourceTree = "<group>"; };
		2B27450D2AB0380C00F37D3E /* AppContextManager.swift */ = {isa = PBXFileReference; lastKnownFileType = sourcecode.swift; path = AppContextManager.swift; sourceTree = "<group>"; };
		2B27450F2AB03A3D00F37D3E /* CanSimulateCopy.swift */ = {isa = PBXFileReference; lastKnownFileType = sourcecode.swift; path = CanSimulateCopy.swift; sourceTree = "<group>"; };
		2B2EF14D2AC17D4000EF2BD4 /* CustomTextField.swift */ = {isa = PBXFileReference; lastKnownFileType = sourcecode.swift; path = CustomTextField.swift; sourceTree = "<group>"; };
		2B2EF14F2AC40C8F00EF2BD4 /* ChatBubble.swift */ = {isa = PBXFileReference; lastKnownFileType = sourcecode.swift; path = ChatBubble.swift; sourceTree = "<group>"; };
		2B2EF1512AC40CB500EF2BD4 /* MessagePendingView.swift */ = {isa = PBXFileReference; lastKnownFileType = sourcecode.swift; path = MessagePendingView.swift; sourceTree = "<group>"; };
		2B33D87C2AAC3330001193A2 /* ProfileView.swift */ = {isa = PBXFileReference; lastKnownFileType = sourcecode.swift; path = ProfileView.swift; sourceTree = "<group>"; };
		2B33D8822AAC4E1B001193A2 /* SpecialCutActor.swift */ = {isa = PBXFileReference; lastKnownFileType = sourcecode.swift; path = SpecialCutActor.swift; sourceTree = "<group>"; };
		2B37922E2AB8371A008D812F /* SpecialPasteActor.swift */ = {isa = PBXFileReference; lastKnownFileType = sourcecode.swift; path = SpecialPasteActor.swift; sourceTree = "<group>"; };
		2B3792302AB83739008D812F /* CanSimulatePaste.swift */ = {isa = PBXFileReference; lastKnownFileType = sourcecode.swift; path = CanSimulatePaste.swift; sourceTree = "<group>"; };
		2B3FAC1E2AAAF22400B2D405 /* TypeaheadAI-Bridging-Header.h */ = {isa = PBXFileReference; lastKnownFileType = sourcecode.c.h; path = "TypeaheadAI-Bridging-Header.h"; sourceTree = "<group>"; };
		2B3FAC1F2AAAF22500B2D405 /* LlamaWrapper.cpp */ = {isa = PBXFileReference; lastKnownFileType = sourcecode.cpp.cpp; path = LlamaWrapper.cpp; sourceTree = "<group>"; };
		2B3FAC202AAAF22500B2D405 /* LlamaWrapper.hpp */ = {isa = PBXFileReference; lastKnownFileType = sourcecode.cpp.h; path = LlamaWrapper.hpp; sourceTree = "<group>"; };
		2B3FAC222AAAF44D00B2D405 /* LlamaWrapper.swift */ = {isa = PBXFileReference; lastKnownFileType = sourcecode.swift; path = LlamaWrapper.swift; sourceTree = "<group>"; };
		2B44FA972ABA783F00C6B542 /* OnboardingView.swift */ = {isa = PBXFileReference; lastKnownFileType = sourcecode.swift; path = OnboardingView.swift; sourceTree = "<group>"; };
		2B473E862AA85B9A0042913D /* IncognitoModeView.swift */ = {isa = PBXFileReference; lastKnownFileType = sourcecode.swift; path = IncognitoModeView.swift; sourceTree = "<group>"; };
		2B473E882AA85BDD0042913D /* LlamaModelManager.swift */ = {isa = PBXFileReference; lastKnownFileType = sourcecode.swift; path = LlamaModelManager.swift; sourceTree = "<group>"; };
		2B520D7E2AC6D2AD00310426 /* TableView.swift */ = {isa = PBXFileReference; lastKnownFileType = sourcecode.swift; path = TableView.swift; sourceTree = "<group>"; };
		2B520D802AC7FD4800310426 /* AuxiliaryMenuView.swift */ = {isa = PBXFileReference; lastKnownFileType = sourcecode.swift; path = AuxiliaryMenuView.swift; sourceTree = "<group>"; };
		2B520D842AC82EA100310426 /* AccountView.swift */ = {isa = PBXFileReference; lastKnownFileType = sourcecode.swift; path = AccountView.swift; sourceTree = "<group>"; };
		2B8B952A2A9C528B00FB9EA9 /* ScriptManager.swift */ = {isa = PBXFileReference; lastKnownFileType = sourcecode.swift; path = ScriptManager.swift; sourceTree = "<group>"; };
		2B92BDB82AA3A2DD00E65CFA /* CustomModalWindow.swift */ = {isa = PBXFileReference; lastKnownFileType = sourcecode.swift; path = CustomModalWindow.swift; sourceTree = "<group>"; };
		2B92BDBA2AA3D10800E65CFA /* ModalManager.swift */ = {isa = PBXFileReference; lastKnownFileType = sourcecode.swift; path = ModalManager.swift; sourceTree = "<group>"; };
		2BA3C2362AADAD9A00537F95 /* SpecialCopyActor.swift */ = {isa = PBXFileReference; lastKnownFileType = sourcecode.swift; path = SpecialCopyActor.swift; sourceTree = "<group>"; };
		2BA7F0752A9ABBA8003D38BA /* TypeaheadAI.app */ = {isa = PBXFileReference; explicitFileType = wrapper.application; includeInIndex = 0; path = TypeaheadAI.app; sourceTree = BUILT_PRODUCTS_DIR; };
		2BA7F0782A9ABBA8003D38BA /* TypeaheadAIApp.swift */ = {isa = PBXFileReference; lastKnownFileType = sourcecode.swift; path = TypeaheadAIApp.swift; sourceTree = "<group>"; };
		2BA7F07C2A9ABBA8003D38BA /* Assets.xcassets */ = {isa = PBXFileReference; lastKnownFileType = folder.assetcatalog; path = Assets.xcassets; sourceTree = "<group>"; };
		2BA7F07F2A9ABBA8003D38BA /* Preview Assets.xcassets */ = {isa = PBXFileReference; lastKnownFileType = folder.assetcatalog; path = "Preview Assets.xcassets"; sourceTree = "<group>"; };
		2BA7F0812A9ABBA8003D38BA /* Persistence.swift */ = {isa = PBXFileReference; lastKnownFileType = sourcecode.swift; path = Persistence.swift; sourceTree = "<group>"; };
		2BA7F0842A9ABBA8003D38BA /* TypeaheadAI.xcdatamodel */ = {isa = PBXFileReference; lastKnownFileType = wrapper.xcdatamodel; path = TypeaheadAI.xcdatamodel; sourceTree = "<group>"; };
		2BA7F0862A9ABBA8003D38BA /* TypeaheadAI.entitlements */ = {isa = PBXFileReference; lastKnownFileType = text.plist.entitlements; path = TypeaheadAI.entitlements; sourceTree = "<group>"; };
		2BA7F08B2A9ABBA8003D38BA /* TypeaheadAITests.xctest */ = {isa = PBXFileReference; explicitFileType = wrapper.cfbundle; includeInIndex = 0; path = TypeaheadAITests.xctest; sourceTree = BUILT_PRODUCTS_DIR; };
		2BA7F08F2A9ABBA8003D38BA /* TypeaheadAITests.swift */ = {isa = PBXFileReference; lastKnownFileType = sourcecode.swift; path = TypeaheadAITests.swift; sourceTree = "<group>"; };
		2BA7F0952A9ABBA8003D38BA /* TypeaheadAIUITests.xctest */ = {isa = PBXFileReference; explicitFileType = wrapper.cfbundle; includeInIndex = 0; path = TypeaheadAIUITests.xctest; sourceTree = BUILT_PRODUCTS_DIR; };
		2BA7F0992A9ABBA8003D38BA /* TypeaheadAIUITests.swift */ = {isa = PBXFileReference; lastKnownFileType = sourcecode.swift; path = TypeaheadAIUITests.swift; sourceTree = "<group>"; };
		2BA7F09B2A9ABBA8003D38BA /* TypeaheadAIUITestsLaunchTests.swift */ = {isa = PBXFileReference; lastKnownFileType = sourcecode.swift; path = TypeaheadAIUITestsLaunchTests.swift; sourceTree = "<group>"; };
		2BA7F0A82A9ABBE2003D38BA /* ClientManager.swift */ = {isa = PBXFileReference; lastKnownFileType = sourcecode.swift; path = ClientManager.swift; sourceTree = "<group>"; };
		2BA7F0AA2A9ABC20003D38BA /* Constants.swift */ = {isa = PBXFileReference; lastKnownFileType = sourcecode.swift; path = Constants.swift; sourceTree = "<group>"; };
		2BA7F0B02A9ABCA5003D38BA /* MenuPromptView.swift */ = {isa = PBXFileReference; lastKnownFileType = sourcecode.swift; path = MenuPromptView.swift; sourceTree = "<group>"; };
		2BA7F0B22A9ABCBF003D38BA /* MenuView.swift */ = {isa = PBXFileReference; lastKnownFileType = sourcecode.swift; path = MenuView.swift; sourceTree = "<group>"; };
		2BA7F0B42A9ABCD7003D38BA /* PromptManager.swift */ = {isa = PBXFileReference; lastKnownFileType = sourcecode.swift; path = PromptManager.swift; sourceTree = "<group>"; };
		2BA7F0B62A9ABD61003D38BA /* SettingsView.swift */ = {isa = PBXFileReference; lastKnownFileType = sourcecode.swift; path = SettingsView.swift; sourceTree = "<group>"; };
		2BC5271B2ABD9C8200173E12 /* HistoryListView.swift */ = {isa = PBXFileReference; lastKnownFileType = sourcecode.swift; path = HistoryListView.swift; sourceTree = "<group>"; };
		2BCB017C2A9EF9A6009F9FAC /* RequestStatus.swift */ = {isa = PBXFileReference; lastKnownFileType = sourcecode.swift; path = RequestStatus.swift; sourceTree = "<group>"; };
		2BCF84342A9DD90F00359841 /* HistoryManager.swift */ = {isa = PBXFileReference; lastKnownFileType = sourcecode.swift; path = HistoryManager.swift; sourceTree = "<group>"; };
		2BCF84392A9DE6DA00359841 /* GeneralSettingsView.swift */ = {isa = PBXFileReference; lastKnownFileType = sourcecode.swift; path = GeneralSettingsView.swift; sourceTree = "<group>"; };
		2BDA45C22ABEE840006128BC /* MessageView.swift */ = {isa = PBXFileReference; lastKnownFileType = sourcecode.swift; path = MessageView.swift; sourceTree = "<group>"; };
		2BE0EC212AA0956C00E47C52 /* ModalView.swift */ = {isa = PBXFileReference; lastKnownFileType = sourcecode.swift; path = ModalView.swift; sourceTree = "<group>"; };
		2BE0EC242AA17DB600E47C52 /* Info.plist */ = {isa = PBXFileReference; lastKnownFileType = text.plist.xml; path = Info.plist; sourceTree = "<group>"; };
		2BE0EC262AA17F9100E47C52 /* MouseClickMonitor.swift */ = {isa = PBXFileReference; lastKnownFileType = sourcecode.swift; path = MouseClickMonitor.swift; sourceTree = "<group>"; };
		2BF929782AB04D2600FC105B /* MemoManager.swift */ = {isa = PBXFileReference; lastKnownFileType = sourcecode.swift; path = MemoManager.swift; sourceTree = "<group>"; };
		2BF9297F2AB13F3600FC105B /* CodeBlockView.swift */ = {isa = PBXFileReference; lastKnownFileType = sourcecode.swift; path = CodeBlockView.swift; sourceTree = "<group>"; };
		2BF929812AB13F7900FC105B /* MarkdownAttributedStringParser.swift */ = {isa = PBXFileReference; lastKnownFileType = sourcecode.swift; path = MarkdownAttributedStringParser.swift; sourceTree = "<group>"; };
		2BF929862AB16C4C00FC105B /* ResponseParsingTask.swift */ = {isa = PBXFileReference; lastKnownFileType = sourcecode.swift; path = ResponseParsingTask.swift; sourceTree = "<group>"; };
/* End PBXFileReference section */

/* Begin PBXFrameworksBuildPhase section */
		2BA7F0722A9ABBA8003D38BA /* Frameworks */ = {
			isa = PBXFrameworksBuildPhase;
			buildActionMask = 2147483647;
			files = (
				2B4BDB892ACBED2100E55D78 /* SettingsAccess in Frameworks */,
				2BF558BE2AB8353B002F2008 /* LaunchAtLogin in Frameworks */,
				2BA3C2352AADAC5700537F95 /* llama in Frameworks */,
				2B473E8C2AA860380042913D /* MenuBarExtraAccess in Frameworks */,
				2BF929852AB13FEC00FC105B /* Highlighter in Frameworks */,
				2BA7F0AE2A9ABC47003D38BA /* KeyboardShortcuts in Frameworks */,
				2BF9297C2AB13EEA00FC105B /* Markdown in Frameworks */,
			);
			runOnlyForDeploymentPostprocessing = 0;
		};
		2BA7F0882A9ABBA8003D38BA /* Frameworks */ = {
			isa = PBXFrameworksBuildPhase;
			buildActionMask = 2147483647;
			files = (
			);
			runOnlyForDeploymentPostprocessing = 0;
		};
		2BA7F0922A9ABBA8003D38BA /* Frameworks */ = {
			isa = PBXFrameworksBuildPhase;
			buildActionMask = 2147483647;
			files = (
			);
			runOnlyForDeploymentPostprocessing = 0;
		};
/* End PBXFrameworksBuildPhase section */

/* Begin PBXGroup section */
		2B33D8812AAC4E0F001193A2 /* Actors */ = {
			isa = PBXGroup;
			children = (
				2B33D8822AAC4E1B001193A2 /* SpecialCutActor.swift */,
				2BA3C2362AADAD9A00537F95 /* SpecialCopyActor.swift */,
				2B2745092AB01CF400F37D3E /* SpecialSaveActor.swift */,
				2B27450F2AB03A3D00F37D3E /* CanSimulateCopy.swift */,
				2BF929862AB16C4C00FC105B /* ResponseParsingTask.swift */,
				2B37922E2AB8371A008D812F /* SpecialPasteActor.swift */,
				2B3792302AB83739008D812F /* CanSimulatePaste.swift */,
			);
			path = Actors;
			sourceTree = "<group>";
		};
		2B3FAC1A2AAAF1E300B2D405 /* Frameworks */ = {
			isa = PBXGroup;
			children = (
			);
			name = Frameworks;
			sourceTree = "<group>";
		};
		2B3FAC1D2AAAF20F00B2D405 /* Llama */ = {
			isa = PBXGroup;
			children = (
				2B3FAC1E2AAAF22400B2D405 /* TypeaheadAI-Bridging-Header.h */,
				2B3FAC1F2AAAF22500B2D405 /* LlamaWrapper.cpp */,
				2B3FAC202AAAF22500B2D405 /* LlamaWrapper.hpp */,
				2B3FAC222AAAF44D00B2D405 /* LlamaWrapper.swift */,
			);
			path = Llama;
			sourceTree = "<group>";
		};
		2B44FA962ABA783200C6B542 /* Onboarding */ = {
			isa = PBXGroup;
			children = (
				2B44FA972ABA783F00C6B542 /* OnboardingView.swift */,
			);
			path = Onboarding;
			sourceTree = "<group>";
		};
		2BA7F06C2A9ABBA7003D38BA = {
			isa = PBXGroup;
			children = (
				2BA7F0772A9ABBA8003D38BA /* TypeaheadAI */,
				2BA7F08E2A9ABBA8003D38BA /* TypeaheadAITests */,
				2BA7F0982A9ABBA8003D38BA /* TypeaheadAIUITests */,
				2BA7F0762A9ABBA8003D38BA /* Products */,
				2B3FAC1A2AAAF1E300B2D405 /* Frameworks */,
			);
			sourceTree = "<group>";
		};
		2BA7F0762A9ABBA8003D38BA /* Products */ = {
			isa = PBXGroup;
			children = (
				2BA7F0752A9ABBA8003D38BA /* TypeaheadAI.app */,
				2BA7F08B2A9ABBA8003D38BA /* TypeaheadAITests.xctest */,
				2BA7F0952A9ABBA8003D38BA /* TypeaheadAIUITests.xctest */,
			);
			name = Products;
			sourceTree = "<group>";
		};
		2BA7F0772A9ABBA8003D38BA /* TypeaheadAI */ = {
			isa = PBXGroup;
			children = (
				2BF929772AB04D0800FC105B /* CrudManagers */,
				2B33D8812AAC4E0F001193A2 /* Actors */,
				2B3FAC1D2AAAF20F00B2D405 /* Llama */,
				2BE0EC252AA17F8400E47C52 /* Monitors */,
				2BE0EC242AA17DB600E47C52 /* Info.plist */,
				2BA7F0AF2A9ABC62003D38BA /* Views */,
				2BA7F0782A9ABBA8003D38BA /* TypeaheadAIApp.swift */,
				2BA7F07C2A9ABBA8003D38BA /* Assets.xcassets */,
				2BA7F0812A9ABBA8003D38BA /* Persistence.swift */,
				2BA7F0862A9ABBA8003D38BA /* TypeaheadAI.entitlements */,
				2BA7F0832A9ABBA8003D38BA /* TypeaheadAI.xcdatamodeld */,
				2BA7F07E2A9ABBA8003D38BA /* Preview Content */,
				2BA7F0A82A9ABBE2003D38BA /* ClientManager.swift */,
				2BA7F0AA2A9ABC20003D38BA /* Constants.swift */,
				2BA7F0B42A9ABCD7003D38BA /* PromptManager.swift */,
				2B8B952A2A9C528B00FB9EA9 /* ScriptManager.swift */,
				2BCB017C2A9EF9A6009F9FAC /* RequestStatus.swift */,
				2B92BDB82AA3A2DD00E65CFA /* CustomModalWindow.swift */,
				2B92BDBA2AA3D10800E65CFA /* ModalManager.swift */,
				2B473E882AA85BDD0042913D /* LlamaModelManager.swift */,
				2B27450D2AB0380C00F37D3E /* AppContextManager.swift */,
				2BF929812AB13F7900FC105B /* MarkdownAttributedStringParser.swift */,
			);
			path = TypeaheadAI;
			sourceTree = "<group>";
		};
		2BA7F07E2A9ABBA8003D38BA /* Preview Content */ = {
			isa = PBXGroup;
			children = (
				2BA7F07F2A9ABBA8003D38BA /* Preview Assets.xcassets */,
			);
			path = "Preview Content";
			sourceTree = "<group>";
		};
		2BA7F08E2A9ABBA8003D38BA /* TypeaheadAITests */ = {
			isa = PBXGroup;
			children = (
				2BA7F08F2A9ABBA8003D38BA /* TypeaheadAITests.swift */,
			);
			path = TypeaheadAITests;
			sourceTree = "<group>";
		};
		2BA7F0982A9ABBA8003D38BA /* TypeaheadAIUITests */ = {
			isa = PBXGroup;
			children = (
				2BA7F0992A9ABBA8003D38BA /* TypeaheadAIUITests.swift */,
				2BA7F09B2A9ABBA8003D38BA /* TypeaheadAIUITestsLaunchTests.swift */,
			);
			path = TypeaheadAIUITests;
			sourceTree = "<group>";
		};
		2BA7F0AF2A9ABC62003D38BA /* Views */ = {
			isa = PBXGroup;
			children = (
				2B44FA962ABA783200C6B542 /* Onboarding */,
				2BE0EC202AA0955C00E47C52 /* Modal */,
				2BCF84362A9DE68200359841 /* Settings */,
				2BA7F0B02A9ABCA5003D38BA /* MenuPromptView.swift */,
				2BA7F0B22A9ABCBF003D38BA /* MenuView.swift */,
			);
			path = Views;
			sourceTree = "<group>";
		};
		2BCF84362A9DE68200359841 /* Settings */ = {
			isa = PBXGroup;
			children = (
				2BA7F0B62A9ABD61003D38BA /* SettingsView.swift */,
				2BCF84392A9DE6DA00359841 /* GeneralSettingsView.swift */,
				2B473E862AA85B9A0042913D /* IncognitoModeView.swift */,
				2B33D87C2AAC3330001193A2 /* ProfileView.swift */,
				2BC5271B2ABD9C8200173E12 /* HistoryListView.swift */,
				2B520D842AC82EA100310426 /* AccountView.swift */,
			);
			path = Settings;
			sourceTree = "<group>";
		};
		2BE0EC202AA0955C00E47C52 /* Modal */ = {
			isa = PBXGroup;
			children = (
				2BE0EC212AA0956C00E47C52 /* ModalView.swift */,
				2BF9297F2AB13F3600FC105B /* CodeBlockView.swift */,
				2BDA45C22ABEE840006128BC /* MessageView.swift */,
				2B2EF14D2AC17D4000EF2BD4 /* CustomTextField.swift */,
				2B2EF14F2AC40C8F00EF2BD4 /* ChatBubble.swift */,
				2B2EF1512AC40CB500EF2BD4 /* MessagePendingView.swift */,
				2B520D7E2AC6D2AD00310426 /* TableView.swift */,
				2B520D802AC7FD4800310426 /* AuxiliaryMenuView.swift */,
			);
			path = Modal;
			sourceTree = "<group>";
		};
		2BE0EC252AA17F8400E47C52 /* Monitors */ = {
			isa = PBXGroup;
			children = (
				2BE0EC262AA17F9100E47C52 /* MouseClickMonitor.swift */,
			);
			path = Monitors;
			sourceTree = "<group>";
		};
		2BF929772AB04D0800FC105B /* CrudManagers */ = {
			isa = PBXGroup;
			children = (
				2BCF84342A9DD90F00359841 /* HistoryManager.swift */,
				2BF929782AB04D2600FC105B /* MemoManager.swift */,
			);
			path = CrudManagers;
			sourceTree = "<group>";
		};
/* End PBXGroup section */

/* Begin PBXNativeTarget section */
		2BA7F0742A9ABBA8003D38BA /* TypeaheadAI */ = {
			isa = PBXNativeTarget;
			buildConfigurationList = 2BA7F09F2A9ABBA8003D38BA /* Build configuration list for PBXNativeTarget "TypeaheadAI" */;
			buildPhases = (
				2BA7F0712A9ABBA8003D38BA /* Sources */,
				2BA7F0722A9ABBA8003D38BA /* Frameworks */,
				2BA7F0732A9ABBA8003D38BA /* Resources */,
			);
			buildRules = (
			);
			dependencies = (
			);
			name = TypeaheadAI;
			packageProductDependencies = (
				2BA7F0AD2A9ABC47003D38BA /* KeyboardShortcuts */,
				2B473E8B2AA860380042913D /* MenuBarExtraAccess */,
				2BA3C2342AADAC5700537F95 /* llama */,
				2BF9297B2AB13EEA00FC105B /* Markdown */,
				2BF929842AB13FEC00FC105B /* Highlighter */,
				2BF558BD2AB8353B002F2008 /* LaunchAtLogin */,
				2B4BDB882ACBED2100E55D78 /* SettingsAccess */,
			);
			productName = TypeaheadAI;
			productReference = 2BA7F0752A9ABBA8003D38BA /* TypeaheadAI.app */;
			productType = "com.apple.product-type.application";
		};
		2BA7F08A2A9ABBA8003D38BA /* TypeaheadAITests */ = {
			isa = PBXNativeTarget;
			buildConfigurationList = 2BA7F0A22A9ABBA8003D38BA /* Build configuration list for PBXNativeTarget "TypeaheadAITests" */;
			buildPhases = (
				2BA7F0872A9ABBA8003D38BA /* Sources */,
				2BA7F0882A9ABBA8003D38BA /* Frameworks */,
				2BA7F0892A9ABBA8003D38BA /* Resources */,
			);
			buildRules = (
			);
			dependencies = (
				2BA7F08D2A9ABBA8003D38BA /* PBXTargetDependency */,
			);
			name = TypeaheadAITests;
			productName = TypeaheadAITests;
			productReference = 2BA7F08B2A9ABBA8003D38BA /* TypeaheadAITests.xctest */;
			productType = "com.apple.product-type.bundle.unit-test";
		};
		2BA7F0942A9ABBA8003D38BA /* TypeaheadAIUITests */ = {
			isa = PBXNativeTarget;
			buildConfigurationList = 2BA7F0A52A9ABBA8003D38BA /* Build configuration list for PBXNativeTarget "TypeaheadAIUITests" */;
			buildPhases = (
				2BA7F0912A9ABBA8003D38BA /* Sources */,
				2BA7F0922A9ABBA8003D38BA /* Frameworks */,
				2BA7F0932A9ABBA8003D38BA /* Resources */,
			);
			buildRules = (
			);
			dependencies = (
				2BA7F0972A9ABBA8003D38BA /* PBXTargetDependency */,
			);
			name = TypeaheadAIUITests;
			productName = TypeaheadAIUITests;
			productReference = 2BA7F0952A9ABBA8003D38BA /* TypeaheadAIUITests.xctest */;
			productType = "com.apple.product-type.bundle.ui-testing";
		};
/* End PBXNativeTarget section */

/* Begin PBXProject section */
		2BA7F06D2A9ABBA7003D38BA /* Project object */ = {
			isa = PBXProject;
			attributes = {
				BuildIndependentTargetsInParallel = 1;
				LastSwiftUpdateCheck = 1430;
				LastUpgradeCheck = 1500;
				TargetAttributes = {
					2BA7F0742A9ABBA8003D38BA = {
						CreatedOnToolsVersion = 14.3.1;
						LastSwiftMigration = 1430;
					};
					2BA7F08A2A9ABBA8003D38BA = {
						CreatedOnToolsVersion = 14.3.1;
						TestTargetID = 2BA7F0742A9ABBA8003D38BA;
					};
					2BA7F0942A9ABBA8003D38BA = {
						CreatedOnToolsVersion = 14.3.1;
						TestTargetID = 2BA7F0742A9ABBA8003D38BA;
					};
				};
			};
			buildConfigurationList = 2BA7F0702A9ABBA7003D38BA /* Build configuration list for PBXProject "TypeaheadAI" */;
			compatibilityVersion = "Xcode 14.0";
			developmentRegion = en;
			hasScannedForEncodings = 0;
			knownRegions = (
				en,
				Base,
			);
			mainGroup = 2BA7F06C2A9ABBA7003D38BA;
			packageReferences = (
				2BA7F0AC2A9ABC47003D38BA /* XCRemoteSwiftPackageReference "KeyboardShortcuts" */,
				2B473E8A2AA860380042913D /* XCRemoteSwiftPackageReference "MenuBarExtraAccess" */,
				2BA3C2332AADAC5700537F95 /* XCRemoteSwiftPackageReference "llama" */,
				2BF9297A2AB13EEA00FC105B /* XCRemoteSwiftPackageReference "swift-markdown" */,
				2BF929832AB13FEC00FC105B /* XCRemoteSwiftPackageReference "HighlighterSwift" */,
				2BF558BC2AB8353B002F2008 /* XCRemoteSwiftPackageReference "LaunchAtLogin-Modern" */,
				2B4BDB872ACBED2100E55D78 /* XCRemoteSwiftPackageReference "SettingsAccess" */,
			);
			productRefGroup = 2BA7F0762A9ABBA8003D38BA /* Products */;
			projectDirPath = "";
			projectRoot = "";
			targets = (
				2BA7F0742A9ABBA8003D38BA /* TypeaheadAI */,
				2BA7F08A2A9ABBA8003D38BA /* TypeaheadAITests */,
				2BA7F0942A9ABBA8003D38BA /* TypeaheadAIUITests */,
			);
		};
/* End PBXProject section */

/* Begin PBXResourcesBuildPhase section */
		2BA7F0732A9ABBA8003D38BA /* Resources */ = {
			isa = PBXResourcesBuildPhase;
			buildActionMask = 2147483647;
			files = (
				2BA7F0802A9ABBA8003D38BA /* Preview Assets.xcassets in Resources */,
				2BA7F07D2A9ABBA8003D38BA /* Assets.xcassets in Resources */,
			);
			runOnlyForDeploymentPostprocessing = 0;
		};
		2BA7F0892A9ABBA8003D38BA /* Resources */ = {
			isa = PBXResourcesBuildPhase;
			buildActionMask = 2147483647;
			files = (
			);
			runOnlyForDeploymentPostprocessing = 0;
		};
		2BA7F0932A9ABBA8003D38BA /* Resources */ = {
			isa = PBXResourcesBuildPhase;
			buildActionMask = 2147483647;
			files = (
			);
			runOnlyForDeploymentPostprocessing = 0;
		};
/* End PBXResourcesBuildPhase section */

/* Begin PBXSourcesBuildPhase section */
		2BA7F0712A9ABBA8003D38BA /* Sources */ = {
			isa = PBXSourcesBuildPhase;
			buildActionMask = 2147483647;
			files = (
				2B520D812AC7FD4800310426 /* AuxiliaryMenuView.swift in Sources */,
				2BA7F0822A9ABBA8003D38BA /* Persistence.swift in Sources */,
				2B473E892AA85BDD0042913D /* LlamaModelManager.swift in Sources */,
				2BA7F0B32A9ABCBF003D38BA /* MenuView.swift in Sources */,
				2B92BDBB2AA3D10800E65CFA /* ModalManager.swift in Sources */,
				2BCF843A2A9DE6DA00359841 /* GeneralSettingsView.swift in Sources */,
				2B33D87D2AAC3330001193A2 /* ProfileView.swift in Sources */,
				2BA7F0B52A9ABCD7003D38BA /* PromptManager.swift in Sources */,
				2B2EF14E2AC17D4000EF2BD4 /* CustomTextField.swift in Sources */,
				2BF929872AB16C4C00FC105B /* ResponseParsingTask.swift in Sources */,
				2B2EF1502AC40C8F00EF2BD4 /* ChatBubble.swift in Sources */,
				2BC5271C2ABD9C8200173E12 /* HistoryListView.swift in Sources */,
				2B37922F2AB8371A008D812F /* SpecialPasteActor.swift in Sources */,
				2B3792312AB83739008D812F /* CanSimulatePaste.swift in Sources */,
				2B3FAC232AAAF44D00B2D405 /* LlamaWrapper.swift in Sources */,
				2BDA45C32ABEE840006128BC /* MessageView.swift in Sources */,
				2B3FAC212AAAF22500B2D405 /* LlamaWrapper.cpp in Sources */,
				2BA3C2372AADAD9A00537F95 /* SpecialCopyActor.swift in Sources */,
				2B520D852AC82EA100310426 /* AccountView.swift in Sources */,
				2B27450E2AB0380C00F37D3E /* AppContextManager.swift in Sources */,
				2B27450A2AB01CF400F37D3E /* SpecialSaveActor.swift in Sources */,
				2BA7F0792A9ABBA8003D38BA /* TypeaheadAIApp.swift in Sources */,
				2BA7F0B72A9ABD61003D38BA /* SettingsView.swift in Sources */,
				2B520D7F2AC6D2AD00310426 /* TableView.swift in Sources */,
				2BF929802AB13F3600FC105B /* CodeBlockView.swift in Sources */,
				2BA7F0852A9ABBA8003D38BA /* TypeaheadAI.xcdatamodeld in Sources */,
				2B2EF1522AC40CB500EF2BD4 /* MessagePendingView.swift in Sources */,
				2BA7F0A92A9ABBE2003D38BA /* ClientManager.swift in Sources */,
				2B44FA982ABA783F00C6B542 /* OnboardingView.swift in Sources */,
				2BE0EC272AA17F9100E47C52 /* MouseClickMonitor.swift in Sources */,
				2BF929792AB04D2600FC105B /* MemoManager.swift in Sources */,
				2BE0EC222AA0956C00E47C52 /* ModalView.swift in Sources */,
				2B92BDB92AA3A2DD00E65CFA /* CustomModalWindow.swift in Sources */,
				2BCB017D2A9EF9A6009F9FAC /* RequestStatus.swift in Sources */,
				2BA7F0B12A9ABCA5003D38BA /* MenuPromptView.swift in Sources */,
				2B33D8832AAC4E1B001193A2 /* SpecialCutActor.swift in Sources */,
				2B473E872AA85B9A0042913D /* IncognitoModeView.swift in Sources */,
				2BCF84352A9DD90F00359841 /* HistoryManager.swift in Sources */,
				2B8B952B2A9C528B00FB9EA9 /* ScriptManager.swift in Sources */,
				2BA7F0AB2A9ABC20003D38BA /* Constants.swift in Sources */,
				2BF929822AB13F7900FC105B /* MarkdownAttributedStringParser.swift in Sources */,
				2B2745102AB03A3D00F37D3E /* CanSimulateCopy.swift in Sources */,
			);
			runOnlyForDeploymentPostprocessing = 0;
		};
		2BA7F0872A9ABBA8003D38BA /* Sources */ = {
			isa = PBXSourcesBuildPhase;
			buildActionMask = 2147483647;
			files = (
				2BA7F0902A9ABBA8003D38BA /* TypeaheadAITests.swift in Sources */,
			);
			runOnlyForDeploymentPostprocessing = 0;
		};
		2BA7F0912A9ABBA8003D38BA /* Sources */ = {
			isa = PBXSourcesBuildPhase;
			buildActionMask = 2147483647;
			files = (
				2BA7F09C2A9ABBA8003D38BA /* TypeaheadAIUITestsLaunchTests.swift in Sources */,
				2BA7F09A2A9ABBA8003D38BA /* TypeaheadAIUITests.swift in Sources */,
			);
			runOnlyForDeploymentPostprocessing = 0;
		};
/* End PBXSourcesBuildPhase section */

/* Begin PBXTargetDependency section */
		2BA7F08D2A9ABBA8003D38BA /* PBXTargetDependency */ = {
			isa = PBXTargetDependency;
			target = 2BA7F0742A9ABBA8003D38BA /* TypeaheadAI */;
			targetProxy = 2BA7F08C2A9ABBA8003D38BA /* PBXContainerItemProxy */;
		};
		2BA7F0972A9ABBA8003D38BA /* PBXTargetDependency */ = {
			isa = PBXTargetDependency;
			target = 2BA7F0742A9ABBA8003D38BA /* TypeaheadAI */;
			targetProxy = 2BA7F0962A9ABBA8003D38BA /* PBXContainerItemProxy */;
		};
/* End PBXTargetDependency section */

/* Begin XCBuildConfiguration section */
		2BA7F09D2A9ABBA8003D38BA /* Debug */ = {
			isa = XCBuildConfiguration;
			buildSettings = {
				ALWAYS_SEARCH_USER_PATHS = NO;
				CLANG_ANALYZER_NONNULL = YES;
				CLANG_ANALYZER_NUMBER_OBJECT_CONVERSION = YES_AGGRESSIVE;
				CLANG_CXX_LANGUAGE_STANDARD = "gnu++20";
				CLANG_ENABLE_MODULES = YES;
				CLANG_ENABLE_OBJC_ARC = YES;
				CLANG_ENABLE_OBJC_WEAK = YES;
				CLANG_WARN_BLOCK_CAPTURE_AUTORELEASING = YES;
				CLANG_WARN_BOOL_CONVERSION = YES;
				CLANG_WARN_COMMA = YES;
				CLANG_WARN_CONSTANT_CONVERSION = YES;
				CLANG_WARN_DEPRECATED_OBJC_IMPLEMENTATIONS = YES;
				CLANG_WARN_DIRECT_OBJC_ISA_USAGE = YES_ERROR;
				CLANG_WARN_DOCUMENTATION_COMMENTS = YES;
				CLANG_WARN_EMPTY_BODY = YES;
				CLANG_WARN_ENUM_CONVERSION = YES;
				CLANG_WARN_INFINITE_RECURSION = YES;
				CLANG_WARN_INT_CONVERSION = YES;
				CLANG_WARN_NON_LITERAL_NULL_CONVERSION = YES;
				CLANG_WARN_OBJC_IMPLICIT_RETAIN_SELF = YES;
				CLANG_WARN_OBJC_LITERAL_CONVERSION = YES;
				CLANG_WARN_OBJC_ROOT_CLASS = YES_ERROR;
				CLANG_WARN_QUOTED_INCLUDE_IN_FRAMEWORK_HEADER = YES;
				CLANG_WARN_RANGE_LOOP_ANALYSIS = YES;
				CLANG_WARN_STRICT_PROTOTYPES = YES;
				CLANG_WARN_SUSPICIOUS_MOVE = YES;
				CLANG_WARN_UNGUARDED_AVAILABILITY = YES_AGGRESSIVE;
				CLANG_WARN_UNREACHABLE_CODE = YES;
				CLANG_WARN__DUPLICATE_METHOD_MATCH = YES;
				COPY_PHASE_STRIP = NO;
				DEAD_CODE_STRIPPING = YES;
				DEBUG_INFORMATION_FORMAT = dwarf;
				ENABLE_STRICT_OBJC_MSGSEND = YES;
				ENABLE_TESTABILITY = YES;
				ENABLE_USER_SCRIPT_SANDBOXING = YES;
				GCC_C_LANGUAGE_STANDARD = gnu11;
				GCC_DYNAMIC_NO_PIC = NO;
				GCC_NO_COMMON_BLOCKS = YES;
				GCC_OPTIMIZATION_LEVEL = 0;
				GCC_PREPROCESSOR_DEFINITIONS = (
					"DEBUG=1",
					"$(inherited)",
				);
				GCC_WARN_64_TO_32_BIT_CONVERSION = YES;
				GCC_WARN_ABOUT_RETURN_TYPE = YES_ERROR;
				GCC_WARN_UNDECLARED_SELECTOR = YES;
				GCC_WARN_UNINITIALIZED_AUTOS = YES_AGGRESSIVE;
				GCC_WARN_UNUSED_FUNCTION = YES;
				GCC_WARN_UNUSED_VARIABLE = YES;
				MACOSX_DEPLOYMENT_TARGET = 13.3;
				MTL_ENABLE_DEBUG_INFO = INCLUDE_SOURCE;
				MTL_FAST_MATH = YES;
				ONLY_ACTIVE_ARCH = YES;
				SDKROOT = macosx;
				SWIFT_ACTIVE_COMPILATION_CONDITIONS = DEBUG;
				SWIFT_OPTIMIZATION_LEVEL = "-Onone";
			};
			name = Debug;
		};
		2BA7F09E2A9ABBA8003D38BA /* Release */ = {
			isa = XCBuildConfiguration;
			buildSettings = {
				ALWAYS_SEARCH_USER_PATHS = NO;
				CLANG_ANALYZER_NONNULL = YES;
				CLANG_ANALYZER_NUMBER_OBJECT_CONVERSION = YES_AGGRESSIVE;
				CLANG_CXX_LANGUAGE_STANDARD = "gnu++20";
				CLANG_ENABLE_MODULES = YES;
				CLANG_ENABLE_OBJC_ARC = YES;
				CLANG_ENABLE_OBJC_WEAK = YES;
				CLANG_WARN_BLOCK_CAPTURE_AUTORELEASING = YES;
				CLANG_WARN_BOOL_CONVERSION = YES;
				CLANG_WARN_COMMA = YES;
				CLANG_WARN_CONSTANT_CONVERSION = YES;
				CLANG_WARN_DEPRECATED_OBJC_IMPLEMENTATIONS = YES;
				CLANG_WARN_DIRECT_OBJC_ISA_USAGE = YES_ERROR;
				CLANG_WARN_DOCUMENTATION_COMMENTS = YES;
				CLANG_WARN_EMPTY_BODY = YES;
				CLANG_WARN_ENUM_CONVERSION = YES;
				CLANG_WARN_INFINITE_RECURSION = YES;
				CLANG_WARN_INT_CONVERSION = YES;
				CLANG_WARN_NON_LITERAL_NULL_CONVERSION = YES;
				CLANG_WARN_OBJC_IMPLICIT_RETAIN_SELF = YES;
				CLANG_WARN_OBJC_LITERAL_CONVERSION = YES;
				CLANG_WARN_OBJC_ROOT_CLASS = YES_ERROR;
				CLANG_WARN_QUOTED_INCLUDE_IN_FRAMEWORK_HEADER = YES;
				CLANG_WARN_RANGE_LOOP_ANALYSIS = YES;
				CLANG_WARN_STRICT_PROTOTYPES = YES;
				CLANG_WARN_SUSPICIOUS_MOVE = YES;
				CLANG_WARN_UNGUARDED_AVAILABILITY = YES_AGGRESSIVE;
				CLANG_WARN_UNREACHABLE_CODE = YES;
				CLANG_WARN__DUPLICATE_METHOD_MATCH = YES;
				COPY_PHASE_STRIP = NO;
				DEAD_CODE_STRIPPING = YES;
				DEBUG_INFORMATION_FORMAT = "dwarf-with-dsym";
				ENABLE_NS_ASSERTIONS = NO;
				ENABLE_STRICT_OBJC_MSGSEND = YES;
				ENABLE_USER_SCRIPT_SANDBOXING = YES;
				GCC_C_LANGUAGE_STANDARD = gnu11;
				GCC_NO_COMMON_BLOCKS = YES;
				GCC_WARN_64_TO_32_BIT_CONVERSION = YES;
				GCC_WARN_ABOUT_RETURN_TYPE = YES_ERROR;
				GCC_WARN_UNDECLARED_SELECTOR = YES;
				GCC_WARN_UNINITIALIZED_AUTOS = YES_AGGRESSIVE;
				GCC_WARN_UNUSED_FUNCTION = YES;
				GCC_WARN_UNUSED_VARIABLE = YES;
				MACOSX_DEPLOYMENT_TARGET = 13.3;
				MTL_ENABLE_DEBUG_INFO = NO;
				MTL_FAST_MATH = YES;
				SDKROOT = macosx;
				SWIFT_COMPILATION_MODE = wholemodule;
				SWIFT_OPTIMIZATION_LEVEL = "-O";
			};
			name = Release;
		};
		2BA7F0A02A9ABBA8003D38BA /* Debug */ = {
			isa = XCBuildConfiguration;
			buildSettings = {
				ASSETCATALOG_COMPILER_APPICON_NAME = AppIcon;
				ASSETCATALOG_COMPILER_GLOBAL_ACCENT_COLOR_NAME = AccentColor;
				ASSETCATALOG_COMPILER_INCLUDE_ALL_APPICON_ASSETS = YES;
				CLANG_ENABLE_MODULES = YES;
				CODE_SIGN_ENTITLEMENTS = TypeaheadAI/TypeaheadAI.entitlements;
				CODE_SIGN_IDENTITY = "Apple Development";
				"CODE_SIGN_IDENTITY[sdk=macosx*]" = "Apple Development";
				CODE_SIGN_STYLE = Automatic;
				COMBINE_HIDPI_IMAGES = YES;
				CURRENT_PROJECT_VERSION = 1;
				DEAD_CODE_STRIPPING = YES;
				DEVELOPMENT_ASSET_PATHS = "\"TypeaheadAI/Preview Content\"";
				DEVELOPMENT_TEAM = TZA789GZFT;
				ENABLE_HARDENED_RUNTIME = YES;
				ENABLE_PREVIEWS = YES;
				GENERATE_INFOPLIST_FILE = YES;
				INFOPLIST_FILE = TypeaheadAI/Info.plist;
				INFOPLIST_KEY_CFBundleDisplayName = TypeaheadAI;
				INFOPLIST_KEY_LSApplicationCategoryType = "public.app-category.productivity";
				INFOPLIST_KEY_LSUIElement = YES;
				INFOPLIST_KEY_NSAppleEventsUsageDescription = "We need to control Google Chrome to get the URL of the active tab.";
				INFOPLIST_KEY_NSHumanReadableCopyright = "";
				LD_RUNPATH_SEARCH_PATHS = (
					"$(inherited)",
					"@executable_path/../Frameworks",
				);
				MACOSX_DEPLOYMENT_TARGET = 12.0;
				MARKETING_VERSION = 1.16;
				PRODUCT_BUNDLE_IDENTIFIER = ai.typeahead.TypeaheadAI;
				PRODUCT_NAME = "$(TARGET_NAME)";
				PROVISIONING_PROFILE_SPECIFIER = "";
				SWIFT_EMIT_LOC_STRINGS = YES;
				SWIFT_OBJC_BRIDGING_HEADER = "TypeaheadAI/Llama/TypeaheadAI-Bridging-Header.h";
				SWIFT_OPTIMIZATION_LEVEL = "-Onone";
				SWIFT_VERSION = 5.0;
			};
			name = Debug;
		};
		2BA7F0A12A9ABBA8003D38BA /* Release */ = {
			isa = XCBuildConfiguration;
			buildSettings = {
				ASSETCATALOG_COMPILER_APPICON_NAME = AppIcon;
				ASSETCATALOG_COMPILER_GLOBAL_ACCENT_COLOR_NAME = AccentColor;
				ASSETCATALOG_COMPILER_INCLUDE_ALL_APPICON_ASSETS = YES;
				CLANG_ENABLE_MODULES = YES;
				CODE_SIGN_ENTITLEMENTS = TypeaheadAI/TypeaheadAI.entitlements;
				CODE_SIGN_IDENTITY = "Apple Development";
				"CODE_SIGN_IDENTITY[sdk=macosx*]" = "Apple Development";
				CODE_SIGN_STYLE = Automatic;
				COMBINE_HIDPI_IMAGES = YES;
				CURRENT_PROJECT_VERSION = 1;
				DEAD_CODE_STRIPPING = YES;
				DEVELOPMENT_ASSET_PATHS = "\"TypeaheadAI/Preview Content\"";
				DEVELOPMENT_TEAM = TZA789GZFT;
				ENABLE_HARDENED_RUNTIME = YES;
				ENABLE_PREVIEWS = YES;
				GENERATE_INFOPLIST_FILE = YES;
				INFOPLIST_FILE = TypeaheadAI/Info.plist;
				INFOPLIST_KEY_CFBundleDisplayName = TypeaheadAI;
				INFOPLIST_KEY_LSApplicationCategoryType = "public.app-category.productivity";
				INFOPLIST_KEY_LSUIElement = YES;
				INFOPLIST_KEY_NSAppleEventsUsageDescription = "We need to control Google Chrome to get the URL of the active tab.";
				INFOPLIST_KEY_NSHumanReadableCopyright = "";
				LD_RUNPATH_SEARCH_PATHS = (
					"$(inherited)",
					"@executable_path/../Frameworks",
				);
				MACOSX_DEPLOYMENT_TARGET = 12.0;
				MARKETING_VERSION = 1.16;
				PRODUCT_BUNDLE_IDENTIFIER = ai.typeahead.TypeaheadAI;
				PRODUCT_NAME = "$(TARGET_NAME)";
				PROVISIONING_PROFILE_SPECIFIER = "";
				SWIFT_EMIT_LOC_STRINGS = YES;
				SWIFT_OBJC_BRIDGING_HEADER = "TypeaheadAI/Llama/TypeaheadAI-Bridging-Header.h";
				SWIFT_VERSION = 5.0;
			};
			name = Release;
		};
		2BA7F0A32A9ABBA8003D38BA /* Debug */ = {
			isa = XCBuildConfiguration;
			buildSettings = {
				ALWAYS_EMBED_SWIFT_STANDARD_LIBRARIES = YES;
				BUNDLE_LOADER = "$(TEST_HOST)";
				CODE_SIGN_STYLE = Automatic;
				CURRENT_PROJECT_VERSION = 1;
				DEAD_CODE_STRIPPING = YES;
				DEVELOPMENT_TEAM = TZA789GZFT;
				GENERATE_INFOPLIST_FILE = YES;
				MACOSX_DEPLOYMENT_TARGET = 13.3;
				MARKETING_VERSION = 1.0;
				PRODUCT_BUNDLE_IDENTIFIER = ai.typeahead.TypeaheadAITests;
				PRODUCT_NAME = "$(TARGET_NAME)";
				SWIFT_EMIT_LOC_STRINGS = NO;
				SWIFT_VERSION = 5.0;
				TEST_HOST = "$(BUILT_PRODUCTS_DIR)/TypeaheadAI.app/$(BUNDLE_EXECUTABLE_FOLDER_PATH)/TypeaheadAI";
			};
			name = Debug;
		};
		2BA7F0A42A9ABBA8003D38BA /* Release */ = {
			isa = XCBuildConfiguration;
			buildSettings = {
				ALWAYS_EMBED_SWIFT_STANDARD_LIBRARIES = YES;
				BUNDLE_LOADER = "$(TEST_HOST)";
				CODE_SIGN_STYLE = Automatic;
				CURRENT_PROJECT_VERSION = 1;
				DEAD_CODE_STRIPPING = YES;
				DEVELOPMENT_TEAM = TZA789GZFT;
				GENERATE_INFOPLIST_FILE = YES;
				MACOSX_DEPLOYMENT_TARGET = 13.3;
				MARKETING_VERSION = 1.0;
				PRODUCT_BUNDLE_IDENTIFIER = ai.typeahead.TypeaheadAITests;
				PRODUCT_NAME = "$(TARGET_NAME)";
				SWIFT_EMIT_LOC_STRINGS = NO;
				SWIFT_VERSION = 5.0;
				TEST_HOST = "$(BUILT_PRODUCTS_DIR)/TypeaheadAI.app/$(BUNDLE_EXECUTABLE_FOLDER_PATH)/TypeaheadAI";
			};
			name = Release;
		};
		2BA7F0A62A9ABBA8003D38BA /* Debug */ = {
			isa = XCBuildConfiguration;
			buildSettings = {
				ALWAYS_EMBED_SWIFT_STANDARD_LIBRARIES = YES;
				CODE_SIGN_STYLE = Automatic;
				CURRENT_PROJECT_VERSION = 1;
				DEAD_CODE_STRIPPING = YES;
				DEVELOPMENT_TEAM = TZA789GZFT;
				GENERATE_INFOPLIST_FILE = YES;
				MARKETING_VERSION = 1.0;
				PRODUCT_BUNDLE_IDENTIFIER = ai.typeahead.TypeaheadAIUITests;
				PRODUCT_NAME = "$(TARGET_NAME)";
				SWIFT_EMIT_LOC_STRINGS = NO;
				SWIFT_VERSION = 5.0;
				TEST_TARGET_NAME = TypeaheadAI;
			};
			name = Debug;
		};
		2BA7F0A72A9ABBA8003D38BA /* Release */ = {
			isa = XCBuildConfiguration;
			buildSettings = {
				ALWAYS_EMBED_SWIFT_STANDARD_LIBRARIES = YES;
				CODE_SIGN_STYLE = Automatic;
				CURRENT_PROJECT_VERSION = 1;
				DEAD_CODE_STRIPPING = YES;
				DEVELOPMENT_TEAM = TZA789GZFT;
				GENERATE_INFOPLIST_FILE = YES;
				MARKETING_VERSION = 1.0;
				PRODUCT_BUNDLE_IDENTIFIER = ai.typeahead.TypeaheadAIUITests;
				PRODUCT_NAME = "$(TARGET_NAME)";
				SWIFT_EMIT_LOC_STRINGS = NO;
				SWIFT_VERSION = 5.0;
				TEST_TARGET_NAME = TypeaheadAI;
			};
			name = Release;
		};
/* End XCBuildConfiguration section */

/* Begin XCConfigurationList section */
		2BA7F0702A9ABBA7003D38BA /* Build configuration list for PBXProject "TypeaheadAI" */ = {
			isa = XCConfigurationList;
			buildConfigurations = (
				2BA7F09D2A9ABBA8003D38BA /* Debug */,
				2BA7F09E2A9ABBA8003D38BA /* Release */,
			);
			defaultConfigurationIsVisible = 0;
			defaultConfigurationName = Release;
		};
		2BA7F09F2A9ABBA8003D38BA /* Build configuration list for PBXNativeTarget "TypeaheadAI" */ = {
			isa = XCConfigurationList;
			buildConfigurations = (
				2BA7F0A02A9ABBA8003D38BA /* Debug */,
				2BA7F0A12A9ABBA8003D38BA /* Release */,
			);
			defaultConfigurationIsVisible = 0;
			defaultConfigurationName = Release;
		};
		2BA7F0A22A9ABBA8003D38BA /* Build configuration list for PBXNativeTarget "TypeaheadAITests" */ = {
			isa = XCConfigurationList;
			buildConfigurations = (
				2BA7F0A32A9ABBA8003D38BA /* Debug */,
				2BA7F0A42A9ABBA8003D38BA /* Release */,
			);
			defaultConfigurationIsVisible = 0;
			defaultConfigurationName = Release;
		};
		2BA7F0A52A9ABBA8003D38BA /* Build configuration list for PBXNativeTarget "TypeaheadAIUITests" */ = {
			isa = XCConfigurationList;
			buildConfigurations = (
				2BA7F0A62A9ABBA8003D38BA /* Debug */,
				2BA7F0A72A9ABBA8003D38BA /* Release */,
			);
			defaultConfigurationIsVisible = 0;
			defaultConfigurationName = Release;
		};
/* End XCConfigurationList section */

/* Begin XCRemoteSwiftPackageReference section */
		2B473E8A2AA860380042913D /* XCRemoteSwiftPackageReference "MenuBarExtraAccess" */ = {
			isa = XCRemoteSwiftPackageReference;
			repositoryURL = "https://github.com/orchetect/MenuBarExtraAccess";
			requirement = {
				kind = upToNextMajorVersion;
				minimumVersion = 1.0.0;
			};
		};
		2B4BDB872ACBED2100E55D78 /* XCRemoteSwiftPackageReference "SettingsAccess" */ = {
			isa = XCRemoteSwiftPackageReference;
			repositoryURL = "https://github.com/orchetect/SettingsAccess";
			requirement = {
				kind = upToNextMajorVersion;
				minimumVersion = 1.2.0;
			};
		};
		2BA3C2332AADAC5700537F95 /* XCRemoteSwiftPackageReference "llama" */ = {
			isa = XCRemoteSwiftPackageReference;
			repositoryURL = "https://github.com/ggerganov/llama.cpp";
			requirement = {
				branch = master;
				kind = branch;
			};
		};
		2BA7F0AC2A9ABC47003D38BA /* XCRemoteSwiftPackageReference "KeyboardShortcuts" */ = {
			isa = XCRemoteSwiftPackageReference;
			repositoryURL = "https://github.com/sindresorhus/KeyboardShortcuts";
			requirement = {
				kind = upToNextMajorVersion;
				minimumVersion = 1.0.0;
			};
		};
		2BF558BC2AB8353B002F2008 /* XCRemoteSwiftPackageReference "LaunchAtLogin-Modern" */ = {
			isa = XCRemoteSwiftPackageReference;
			repositoryURL = "https://github.com/sindresorhus/LaunchAtLogin-Modern";
			requirement = {
				branch = main;
				kind = branch;
			};
		};
		2BF9297A2AB13EEA00FC105B /* XCRemoteSwiftPackageReference "swift-markdown" */ = {
			isa = XCRemoteSwiftPackageReference;
			repositoryURL = "https://github.com/apple/swift-markdown";
			requirement = {
				kind = upToNextMajorVersion;
				minimumVersion = 0.2.0;
			};
		};
		2BF929832AB13FEC00FC105B /* XCRemoteSwiftPackageReference "HighlighterSwift" */ = {
			isa = XCRemoteSwiftPackageReference;
			repositoryURL = "https://github.com/smittytone/HighlighterSwift";
			requirement = {
				kind = upToNextMajorVersion;
				minimumVersion = 1.0.0;
			};
		};
/* End XCRemoteSwiftPackageReference section */

/* Begin XCSwiftPackageProductDependency section */
		2B473E8B2AA860380042913D /* MenuBarExtraAccess */ = {
			isa = XCSwiftPackageProductDependency;
			package = 2B473E8A2AA860380042913D /* XCRemoteSwiftPackageReference "MenuBarExtraAccess" */;
			productName = MenuBarExtraAccess;
		};
		2B4BDB882ACBED2100E55D78 /* SettingsAccess */ = {
			isa = XCSwiftPackageProductDependency;
			package = 2B4BDB872ACBED2100E55D78 /* XCRemoteSwiftPackageReference "SettingsAccess" */;
			productName = SettingsAccess;
		};
		2BA3C2342AADAC5700537F95 /* llama */ = {
			isa = XCSwiftPackageProductDependency;
			package = 2BA3C2332AADAC5700537F95 /* XCRemoteSwiftPackageReference "llama" */;
			productName = llama;
		};
		2BA7F0AD2A9ABC47003D38BA /* KeyboardShortcuts */ = {
			isa = XCSwiftPackageProductDependency;
			package = 2BA7F0AC2A9ABC47003D38BA /* XCRemoteSwiftPackageReference "KeyboardShortcuts" */;
			productName = KeyboardShortcuts;
		};
		2BF558BD2AB8353B002F2008 /* LaunchAtLogin */ = {
			isa = XCSwiftPackageProductDependency;
			package = 2BF558BC2AB8353B002F2008 /* XCRemoteSwiftPackageReference "LaunchAtLogin-Modern" */;
			productName = LaunchAtLogin;
		};
		2BF9297B2AB13EEA00FC105B /* Markdown */ = {
			isa = XCSwiftPackageProductDependency;
			package = 2BF9297A2AB13EEA00FC105B /* XCRemoteSwiftPackageReference "swift-markdown" */;
			productName = Markdown;
		};
		2BF929842AB13FEC00FC105B /* Highlighter */ = {
			isa = XCSwiftPackageProductDependency;
			package = 2BF929832AB13FEC00FC105B /* XCRemoteSwiftPackageReference "HighlighterSwift" */;
			productName = Highlighter;
		};
/* End XCSwiftPackageProductDependency section */

/* Begin XCVersionGroup section */
		2BA7F0832A9ABBA8003D38BA /* TypeaheadAI.xcdatamodeld */ = {
			isa = XCVersionGroup;
			children = (
				2BA7F0842A9ABBA8003D38BA /* TypeaheadAI.xcdatamodel */,
			);
			currentVersion = 2BA7F0842A9ABBA8003D38BA /* TypeaheadAI.xcdatamodel */;
			path = TypeaheadAI.xcdatamodeld;
			sourceTree = "<group>";
			versionGroupType = wrapper.xcdatamodel;
		};
/* End XCVersionGroup section */
	};
	rootObject = 2BA7F06D2A9ABBA7003D38BA /* Project object */;
}
