// !$*UTF8*$!
{
	archiveVersion = 1;
	classes = {
	};
	objectVersion = 56;
	objects = {

/* Begin PBXBuildFile section */
		2B0116EB2AF86E88000C78E1 /* AppState.swift in Sources */ = {isa = PBXBuildFile; fileRef = 2B0116EA2AF86E88000C78E1 /* AppState.swift */; };
		2B0116ED2AF878D1000C78E1 /* AppDelegate.swift in Sources */ = {isa = PBXBuildFile; fileRef = 2B0116EC2AF878D1000C78E1 /* AppDelegate.swift */; };
		2B0116F02AF88051000C78E1 /* SupabaseManager.swift in Sources */ = {isa = PBXBuildFile; fileRef = 2B0116EF2AF88051000C78E1 /* SupabaseManager.swift */; };
		2B0116F32AF98D68000C78E1 /* LoggedOutAccountView.swift in Sources */ = {isa = PBXBuildFile; fileRef = 2B0116F22AF98D68000C78E1 /* LoggedOutAccountView.swift */; };
		2B0116F52AF98EBD000C78E1 /* AccountOptionButton.swift in Sources */ = {isa = PBXBuildFile; fileRef = 2B0116F42AF98EBD000C78E1 /* AccountOptionButton.swift */; };
		2B0116F72AF98F2C000C78E1 /* NewAccountRegistrationForm.swift in Sources */ = {isa = PBXBuildFile; fileRef = 2B0116F62AF98F2C000C78E1 /* NewAccountRegistrationForm.swift */; };
		2B0116F92AF990E2000C78E1 /* EmailAndPasswordView.swift in Sources */ = {isa = PBXBuildFile; fileRef = 2B0116F82AF990E2000C78E1 /* EmailAndPasswordView.swift */; };
		2B0116FB2AF99347000C78E1 /* RoundedButton.swift in Sources */ = {isa = PBXBuildFile; fileRef = 2B0116FA2AF99347000C78E1 /* RoundedButton.swift */; };
		2B0B30082ACCDA1100338B76 /* VisualEffect.swift in Sources */ = {isa = PBXBuildFile; fileRef = 2B0B30072ACCDA1100338B76 /* VisualEffect.swift */; };
		2B0B300A2ACD6E6B00338B76 /* UserIntentsView.swift in Sources */ = {isa = PBXBuildFile; fileRef = 2B0B30092ACD6E6B00338B76 /* UserIntentsView.swift */; };
		2B0B30102ACF8C8000338B76 /* SpecialOpenActor.swift in Sources */ = {isa = PBXBuildFile; fileRef = 2B0B300F2ACF8C8000338B76 /* SpecialOpenActor.swift */; };
		2B0B30192ADCBF1600338B76 /* QuickActionsView.swift in Sources */ = {isa = PBXBuildFile; fileRef = 2B0B30182ADCBF1600338B76 /* QuickActionsView.swift */; };
		2B0B301B2ADE8E2A00338B76 /* SettingsManager.swift in Sources */ = {isa = PBXBuildFile; fileRef = 2B0B301A2ADE8E2A00338B76 /* SettingsManager.swift */; };
		2B11FCE12B0C468100325F38 /* CanSimulateClose.swift in Sources */ = {isa = PBXBuildFile; fileRef = 2B11FCE02B0C468100325F38 /* CanSimulateClose.swift */; };
		2B11FCE32B0C47FA00325F38 /* CanSimulateSelectAll.swift in Sources */ = {isa = PBXBuildFile; fileRef = 2B11FCE22B0C47FA00325F38 /* CanSimulateSelectAll.swift */; };
		2B11FCE52B0C555000325F38 /* CanFetchAppContext.swift in Sources */ = {isa = PBXBuildFile; fileRef = 2B11FCE42B0C555000325F38 /* CanFetchAppContext.swift */; };
		2B11FCE72B0C55CD00325F38 /* AppContext.swift in Sources */ = {isa = PBXBuildFile; fileRef = 2B11FCE62B0C55CD00325F38 /* AppContext.swift */; };
		2B11FCF02B0EE00900325F38 /* FeedbackView.swift in Sources */ = {isa = PBXBuildFile; fileRef = 2B11FCEF2B0EE00900325F38 /* FeedbackView.swift */; };
		2B11FCF22B114C3F00325F38 /* Message.swift in Sources */ = {isa = PBXBuildFile; fileRef = 2B11FCF12B114C3F00325F38 /* Message.swift */; };
		2B11FCF42B196E1500325F38 /* VersionManager.swift in Sources */ = {isa = PBXBuildFile; fileRef = 2B11FCF32B196E1500325F38 /* VersionManager.swift */; };
		2B1A18592B2D881000C31B56 /* SpecialRecordActor.swift in Sources */ = {isa = PBXBuildFile; fileRef = 2B1A18582B2D881000C31B56 /* SpecialRecordActor.swift */; };
		2B1F20462B1987E400152F13 /* ConversationManager.swift in Sources */ = {isa = PBXBuildFile; fileRef = 2B1F20452B1987E400152F13 /* ConversationManager.swift */; };
		2B1F20482B1BE94000152F13 /* SearchResultsView.swift in Sources */ = {isa = PBXBuildFile; fileRef = 2B1F20472B1BE93F00152F13 /* SearchResultsView.swift */; };
		2B1F3B7E2AEC5F8500F1BB60 /* Supabase in Frameworks */ = {isa = PBXBuildFile; productRef = 2B1F3B7D2AEC5F8500F1BB60 /* Supabase */; };
		2B27450E2AB0380C00F37D3E /* AppContextManager.swift in Sources */ = {isa = PBXBuildFile; fileRef = 2B27450D2AB0380C00F37D3E /* AppContextManager.swift */; };
		2B2745102AB03A3D00F37D3E /* CanSimulateCopy.swift in Sources */ = {isa = PBXBuildFile; fileRef = 2B27450F2AB03A3D00F37D3E /* CanSimulateCopy.swift */; };
		2B2EF14E2AC17D4000EF2BD4 /* CustomTextField.swift in Sources */ = {isa = PBXBuildFile; fileRef = 2B2EF14D2AC17D4000EF2BD4 /* CustomTextField.swift */; };
		2B2EF1502AC40C8F00EF2BD4 /* ChatBubble.swift in Sources */ = {isa = PBXBuildFile; fileRef = 2B2EF14F2AC40C8F00EF2BD4 /* ChatBubble.swift */; };
		2B2EF1522AC40CB500EF2BD4 /* MessagePendingView.swift in Sources */ = {isa = PBXBuildFile; fileRef = 2B2EF1512AC40CB500EF2BD4 /* MessagePendingView.swift */; };
		2B33D87D2AAC3330001193A2 /* ProfileView.swift in Sources */ = {isa = PBXBuildFile; fileRef = 2B33D87C2AAC3330001193A2 /* ProfileView.swift */; };
		2B3435032B1EA33500423EE8 /* String+HTMLParser.swift in Sources */ = {isa = PBXBuildFile; fileRef = 2B3435022B1EA33500423EE8 /* String+HTMLParser.swift */; };
		2B37922F2AB8371A008D812F /* SpecialPasteActor.swift in Sources */ = {isa = PBXBuildFile; fileRef = 2B37922E2AB8371A008D812F /* SpecialPasteActor.swift */; };
		2B3792312AB83739008D812F /* CanSimulatePaste.swift in Sources */ = {isa = PBXBuildFile; fileRef = 2B3792302AB83739008D812F /* CanSimulatePaste.swift */; };
		2B3FAC212AAAF22500B2D405 /* LlamaWrapper.cpp in Sources */ = {isa = PBXBuildFile; fileRef = 2B3FAC1F2AAAF22500B2D405 /* LlamaWrapper.cpp */; };
		2B3FAC232AAAF44D00B2D405 /* LlamaWrapper.swift in Sources */ = {isa = PBXBuildFile; fileRef = 2B3FAC222AAAF44D00B2D405 /* LlamaWrapper.swift */; };
		2B44FA982ABA783F00C6B542 /* OnboardingView.swift in Sources */ = {isa = PBXBuildFile; fileRef = 2B44FA972ABA783F00C6B542 /* OnboardingView.swift */; };
		2B473E872AA85B9A0042913D /* IncognitoModeView.swift in Sources */ = {isa = PBXBuildFile; fileRef = 2B473E862AA85B9A0042913D /* IncognitoModeView.swift */; };
		2B473E892AA85BDD0042913D /* LlamaModelManager.swift in Sources */ = {isa = PBXBuildFile; fileRef = 2B473E882AA85BDD0042913D /* LlamaModelManager.swift */; };
		2B473E8C2AA860380042913D /* MenuBarExtraAccess in Frameworks */ = {isa = PBXBuildFile; productRef = 2B473E8B2AA860380042913D /* MenuBarExtraAccess */; };
		2B4BDB892ACBED2100E55D78 /* SettingsAccess in Frameworks */ = {isa = PBXBuildFile; productRef = 2B4BDB882ACBED2100E55D78 /* SettingsAccess */; };
		2B4BDB8B2ACC281E00E55D78 /* IntentManager.swift in Sources */ = {isa = PBXBuildFile; fileRef = 2B4BDB8A2ACC281E00E55D78 /* IntentManager.swift */; };
		2B520D812AC7FD4800310426 /* AuxiliaryMenuView.swift in Sources */ = {isa = PBXBuildFile; fileRef = 2B520D802AC7FD4800310426 /* AuxiliaryMenuView.swift */; };
		2B520D852AC82EA100310426 /* AccountView.swift in Sources */ = {isa = PBXBuildFile; fileRef = 2B520D842AC82EA100310426 /* AccountView.swift */; };
		2B5FFA652B2507BE001F9B74 /* RecentConversationsView.swift in Sources */ = {isa = PBXBuildFile; fileRef = 2B5FFA642B2507BE001F9B74 /* RecentConversationsView.swift */; };
		2B7BBAC02AF2B4D300E4CE1F /* QuickActionDetails.swift in Sources */ = {isa = PBXBuildFile; fileRef = 2B7BBABF2AF2B4D300E4CE1F /* QuickActionDetails.swift */; };
		2B7BBAC22AF3347100E4CE1F /* NewQuickActionForm.swift in Sources */ = {isa = PBXBuildFile; fileRef = 2B7BBAC12AF3347100E4CE1F /* NewQuickActionForm.swift */; };
		2B7D357C2B00B48600E85AEF /* LoggedOutOnboardingView.swift in Sources */ = {isa = PBXBuildFile; fileRef = 2B7D357B2B00B48600E85AEF /* LoggedOutOnboardingView.swift */; };
		2B7D357E2B00C1D100E85AEF /* SafariView.swift in Sources */ = {isa = PBXBuildFile; fileRef = 2B7D357D2B00C1D100E85AEF /* SafariView.swift */; };
		2B7D35842B01B14100E85AEF /* IntroOnboardingView.swift in Sources */ = {isa = PBXBuildFile; fileRef = 2B7D35832B01B14100E85AEF /* IntroOnboardingView.swift */; };
		2B7D35862B01B16A00E85AEF /* OutroOnboardingView.swift in Sources */ = {isa = PBXBuildFile; fileRef = 2B7D35852B01B16A00E85AEF /* OutroOnboardingView.swift */; };
		2B7D358A2B01ED5100E85AEF /* SmartCopyOnboardingView.swift in Sources */ = {isa = PBXBuildFile; fileRef = 2B7D35892B01ED5100E85AEF /* SmartCopyOnboardingView.swift */; };
		2B7D358C2B0211FA00E85AEF /* SmartPasteOnboardingView.swift in Sources */ = {isa = PBXBuildFile; fileRef = 2B7D358B2B0211FA00E85AEF /* SmartPasteOnboardingView.swift */; };
		2B800A0A2AF4441200E0D8F7 /* QuickActionExampleForm.swift in Sources */ = {isa = PBXBuildFile; fileRef = 2B800A092AF4441200E0D8F7 /* QuickActionExampleForm.swift */; };
		2B8B952B2A9C528B00FB9EA9 /* ScriptManager.swift in Sources */ = {isa = PBXBuildFile; fileRef = 2B8B952A2A9C528B00FB9EA9 /* ScriptManager.swift */; };
		2B8CD4942B05D278003E0589 /* CanPerformOCR.swift in Sources */ = {isa = PBXBuildFile; fileRef = 2B8CD4932B05D278003E0589 /* CanPerformOCR.swift */; };
		2B8CD4962B05FF59003E0589 /* ModalFooterView.swift in Sources */ = {isa = PBXBuildFile; fileRef = 2B8CD4952B05FF59003E0589 /* ModalFooterView.swift */; };
		2B8CD4992B06DD36003E0589 /* FunctionManager.swift in Sources */ = {isa = PBXBuildFile; fileRef = 2B8CD4982B06DD36003E0589 /* FunctionManager.swift */; };
		2B8CD49B2B076AE6003E0589 /* ActivateOnboardingView.swift in Sources */ = {isa = PBXBuildFile; fileRef = 2B8CD49A2B076AE6003E0589 /* ActivateOnboardingView.swift */; };
		2B8CD4A22B09C3A8003E0589 /* CanScreenshot.swift in Sources */ = {isa = PBXBuildFile; fileRef = 2B8CD4A12B09C3A8003E0589 /* CanScreenshot.swift */; };
		2B8CD4B42B0A9A11003E0589 /* Theme+Custom.swift in Sources */ = {isa = PBXBuildFile; fileRef = 2B8CD4B32B0A9A11003E0589 /* Theme+Custom.swift */; };
		2B8CD4B62B0AA450003E0589 /* CustomSyntaxHighlighter.swift in Sources */ = {isa = PBXBuildFile; fileRef = 2B8CD4B52B0AA450003E0589 /* CustomSyntaxHighlighter.swift */; };
		2B8CD4BB2B0AAC09003E0589 /* CopyButtonView.swift in Sources */ = {isa = PBXBuildFile; fileRef = 2B8CD4BA2B0AAC09003E0589 /* CopyButtonView.swift */; };
		2B8CD4BE2B0AB13B003E0589 /* MarkdownUI in Frameworks */ = {isa = PBXBuildFile; productRef = 2B8CD4BD2B0AB13B003E0589 /* MarkdownUI */; };
		2B92BDB92AA3A2DD00E65CFA /* CustomModalWindow.swift in Sources */ = {isa = PBXBuildFile; fileRef = 2B92BDB82AA3A2DD00E65CFA /* CustomModalWindow.swift */; };
		2B92BDBB2AA3D10800E65CFA /* ModalManager.swift in Sources */ = {isa = PBXBuildFile; fileRef = 2B92BDBA2AA3D10800E65CFA /* ModalManager.swift */; };
		2B9A897B2B3BD9EA00041856 /* AXOpenPanelVisitor.swift in Sources */ = {isa = PBXBuildFile; fileRef = 2B9A897A2B3BD9EA00041856 /* AXOpenPanelVisitor.swift */; };
		2B9A897F2B3BE4B300041856 /* FunctionManager+OpenFile.swift in Sources */ = {isa = PBXBuildFile; fileRef = 2B9A897E2B3BE4B300041856 /* FunctionManager+OpenFile.swift */; };
		2B9A89812B3CD06C00041856 /* CanSimulateGoToFile.swift in Sources */ = {isa = PBXBuildFile; fileRef = 2B9A89802B3CD06C00041856 /* CanSimulateGoToFile.swift */; };
		2B9A89832B3CDC1C00041856 /* FunctionManager+SaveFile.swift in Sources */ = {isa = PBXBuildFile; fileRef = 2B9A89822B3CDC1C00041856 /* FunctionManager+SaveFile.swift */; };
		2B9A89852B3CDC9700041856 /* AXSavePanelVisitor.swift in Sources */ = {isa = PBXBuildFile; fileRef = 2B9A89842B3CDC9700041856 /* AXSavePanelVisitor.swift */; };
		2B9A89872B3CE1D300041856 /* CanFocusOnElement.swift in Sources */ = {isa = PBXBuildFile; fileRef = 2B9A89862B3CE1D300041856 /* CanFocusOnElement.swift */; };
		2B9A898B2B4122DC00041856 /* UIElementVisitor.swift in Sources */ = {isa = PBXBuildFile; fileRef = 2B9A898A2B4122DC00041856 /* UIElementVisitor.swift */; };
		2B9A89912B44CBCC00041856 /* JSONAny.swift in Sources */ = {isa = PBXBuildFile; fileRef = 2B9A89902B44CBCC00041856 /* JSONAny.swift */; };
		2B9A89932B44D70D00041856 /* Task+Extension.swift in Sources */ = {isa = PBXBuildFile; fileRef = 2B9A89922B44D70D00041856 /* Task+Extension.swift */; };
		2B9A89952B4539DC00041856 /* SmartRecordOnboardingView.swift in Sources */ = {isa = PBXBuildFile; fileRef = 2B9A89942B4539DC00041856 /* SmartRecordOnboardingView.swift */; };
		2B9A89972B453A0A00041856 /* AutopilotOnboardingView.swift in Sources */ = {isa = PBXBuildFile; fileRef = 2B9A89962B453A0A00041856 /* AutopilotOnboardingView.swift */; };
		2B9A89992B4AC52900041856 /* Localizable.xcstrings in Resources */ = {isa = PBXBuildFile; fileRef = 2B9A89982B4AC52900041856 /* Localizable.xcstrings */; };
		2BA3C2352AADAC5700537F95 /* llama in Frameworks */ = {isa = PBXBuildFile; productRef = 2BA3C2342AADAC5700537F95 /* llama */; };
		2BA3C2372AADAD9A00537F95 /* SpecialCopyActor.swift in Sources */ = {isa = PBXBuildFile; fileRef = 2BA3C2362AADAD9A00537F95 /* SpecialCopyActor.swift */; };
		2BA7F0792A9ABBA8003D38BA /* TypeaheadAIApp.swift in Sources */ = {isa = PBXBuildFile; fileRef = 2BA7F0782A9ABBA8003D38BA /* TypeaheadAIApp.swift */; };
		2BA7F07D2A9ABBA8003D38BA /* Assets.xcassets in Resources */ = {isa = PBXBuildFile; fileRef = 2BA7F07C2A9ABBA8003D38BA /* Assets.xcassets */; };
		2BA7F0802A9ABBA8003D38BA /* Preview Assets.xcassets in Resources */ = {isa = PBXBuildFile; fileRef = 2BA7F07F2A9ABBA8003D38BA /* Preview Assets.xcassets */; };
		2BA7F0822A9ABBA8003D38BA /* Persistence.swift in Sources */ = {isa = PBXBuildFile; fileRef = 2BA7F0812A9ABBA8003D38BA /* Persistence.swift */; };
		2BA7F0852A9ABBA8003D38BA /* TypeaheadAI.xcdatamodeld in Sources */ = {isa = PBXBuildFile; fileRef = 2BA7F0832A9ABBA8003D38BA /* TypeaheadAI.xcdatamodeld */; };
		2BA7F0902A9ABBA8003D38BA /* TypeaheadAITests.swift in Sources */ = {isa = PBXBuildFile; fileRef = 2BA7F08F2A9ABBA8003D38BA /* TypeaheadAITests.swift */; };
		2BA7F09A2A9ABBA8003D38BA /* TypeaheadAIUITests.swift in Sources */ = {isa = PBXBuildFile; fileRef = 2BA7F0992A9ABBA8003D38BA /* TypeaheadAIUITests.swift */; };
		2BA7F09C2A9ABBA8003D38BA /* TypeaheadAIUITestsLaunchTests.swift in Sources */ = {isa = PBXBuildFile; fileRef = 2BA7F09B2A9ABBA8003D38BA /* TypeaheadAIUITestsLaunchTests.swift */; };
		2BA7F0A92A9ABBE2003D38BA /* ClientManager.swift in Sources */ = {isa = PBXBuildFile; fileRef = 2BA7F0A82A9ABBE2003D38BA /* ClientManager.swift */; };
		2BA7F0AB2A9ABC20003D38BA /* Constants.swift in Sources */ = {isa = PBXBuildFile; fileRef = 2BA7F0AA2A9ABC20003D38BA /* Constants.swift */; };
		2BA7F0AE2A9ABC47003D38BA /* KeyboardShortcuts in Frameworks */ = {isa = PBXBuildFile; productRef = 2BA7F0AD2A9ABC47003D38BA /* KeyboardShortcuts */; };
		2BA7F0B32A9ABCBF003D38BA /* MenuView.swift in Sources */ = {isa = PBXBuildFile; fileRef = 2BA7F0B22A9ABCBF003D38BA /* MenuView.swift */; };
		2BA7F0B52A9ABCD7003D38BA /* QuickActionManager.swift in Sources */ = {isa = PBXBuildFile; fileRef = 2BA7F0B42A9ABCD7003D38BA /* QuickActionManager.swift */; };
		2BA7F0B72A9ABD61003D38BA /* SettingsView.swift in Sources */ = {isa = PBXBuildFile; fileRef = 2BA7F0B62A9ABD61003D38BA /* SettingsView.swift */; };
		2BAA97892B02DF6E00EC6A63 /* QuickActionExplanationOnboardingView.swift in Sources */ = {isa = PBXBuildFile; fileRef = 2BAA97882B02DF6E00EC6A63 /* QuickActionExplanationOnboardingView.swift */; };
		2BAA978B2B02E81600EC6A63 /* IntentsOnboardingView.swift in Sources */ = {isa = PBXBuildFile; fileRef = 2BAA978A2B02E81600EC6A63 /* IntentsOnboardingView.swift */; };
		2BAA978D2B02EBE500EC6A63 /* RefineOnboardingView.swift in Sources */ = {isa = PBXBuildFile; fileRef = 2BAA978C2B02EBE500EC6A63 /* RefineOnboardingView.swift */; };
		2BAA97912B0366C400EC6A63 /* OnboardingWindowManager.swift in Sources */ = {isa = PBXBuildFile; fileRef = 2BAA97902B0366C400EC6A63 /* OnboardingWindowManager.swift */; };
		2BAA97932B03693A00EC6A63 /* Notification+Extension.swift in Sources */ = {isa = PBXBuildFile; fileRef = 2BAA97922B03693A00EC6A63 /* Notification+Extension.swift */; };
		2BAA97952B042AD400EC6A63 /* PermissionsOnboardingView.swift in Sources */ = {isa = PBXBuildFile; fileRef = 2BAA97942B042AD400EC6A63 /* PermissionsOnboardingView.swift */; };
		2BAC14762AF61DD000B33E13 /* WebView.swift in Sources */ = {isa = PBXBuildFile; fileRef = 2BAC14752AF61DD000B33E13 /* WebView.swift */; };
		2BAFDB662AF58E0B009C8370 /* ConversationView.swift in Sources */ = {isa = PBXBuildFile; fileRef = 2BAFDB652AF58E0B009C8370 /* ConversationView.swift */; };
		2BAFDB6B2AF60F64009C8370 /* MenuButtonView.swift in Sources */ = {isa = PBXBuildFile; fileRef = 2BAFDB6A2AF60F64009C8370 /* MenuButtonView.swift */; };
		2BC5271C2ABD9C8200173E12 /* HistoryListView.swift in Sources */ = {isa = PBXBuildFile; fileRef = 2BC5271B2ABD9C8200173E12 /* HistoryListView.swift */; };
		2BCB017D2A9EF9A6009F9FAC /* RequestStatus.swift in Sources */ = {isa = PBXBuildFile; fileRef = 2BCB017C2A9EF9A6009F9FAC /* RequestStatus.swift */; };
		2BCF84352A9DD90F00359841 /* HistoryManager.swift in Sources */ = {isa = PBXBuildFile; fileRef = 2BCF84342A9DD90F00359841 /* HistoryManager.swift */; };
		2BCF843A2A9DE6DA00359841 /* GeneralSettingsView.swift in Sources */ = {isa = PBXBuildFile; fileRef = 2BCF84392A9DE6DA00359841 /* GeneralSettingsView.swift */; };
		2BD3821E2B2C4B2E00F96C19 /* CanSimulateEnter.swift in Sources */ = {isa = PBXBuildFile; fileRef = 2BD3821D2B2C4B2E00F96C19 /* CanSimulateEnter.swift */; };
		2BDA45C32ABEE840006128BC /* MessageView.swift in Sources */ = {isa = PBXBuildFile; fileRef = 2BDA45C22ABEE840006128BC /* MessageView.swift */; };
		2BDDB9892B27DDE100D52BF0 /* SwiftSoup in Frameworks */ = {isa = PBXBuildFile; productRef = 2BDDB9882B27DDE100D52BF0 /* SwiftSoup */; };
		2BDDB98B2B27DDFF00D52BF0 /* String+XMLMarkdown.swift in Sources */ = {isa = PBXBuildFile; fileRef = 2BDDB98A2B27DDFF00D52BF0 /* String+XMLMarkdown.swift */; };
		2BDDB98D2B282AFF00D52BF0 /* AppManager.swift in Sources */ = {isa = PBXBuildFile; fileRef = 2BDDB98C2B282AFF00D52BF0 /* AppManager.swift */; };
		2BDDB98F2B282B3000D52BF0 /* Application.swift in Sources */ = {isa = PBXBuildFile; fileRef = 2BDDB98E2B282B3000D52BF0 /* Application.swift */; };
		2BDDB9932B28341C00D52BF0 /* FunctionManager+OpenApplication.swift in Sources */ = {isa = PBXBuildFile; fileRef = 2BDDB9922B28341C00D52BF0 /* FunctionManager+OpenApplication.swift */; };
		2BDDB9952B2834B100D52BF0 /* FunctionManager+OpenURL.swift in Sources */ = {isa = PBXBuildFile; fileRef = 2BDDB9942B2834B100D52BF0 /* FunctionManager+OpenURL.swift */; };
		2BDDB9972B28352800D52BF0 /* FunctionManager+PerformUIAction.swift in Sources */ = {isa = PBXBuildFile; fileRef = 2BDDB9962B28352800D52BF0 /* FunctionManager+PerformUIAction.swift */; };
		2BE0EC222AA0956C00E47C52 /* ModalView.swift in Sources */ = {isa = PBXBuildFile; fileRef = 2BE0EC212AA0956C00E47C52 /* ModalView.swift */; };
		2BE7BB882B258B4C00164F88 /* CanGetUIElements.swift in Sources */ = {isa = PBXBuildFile; fileRef = 2BE7BB872B258B4C00164F88 /* CanGetUIElements.swift */; };
		2BE7BB8D2B258C4400164F88 /* AXUIElement+Extension.swift in Sources */ = {isa = PBXBuildFile; fileRef = 2BE7BB8C2B258C4400164F88 /* AXUIElement+Extension.swift */; };
		2BE7BB8F2B258C7900164F88 /* UIElement.swift in Sources */ = {isa = PBXBuildFile; fileRef = 2BE7BB8E2B258C7900164F88 /* UIElement.swift */; };
		2BF4A7E32AF1A52600AA2512 /* GoogleSignIn in Frameworks */ = {isa = PBXBuildFile; productRef = 2BF4A7E22AF1A52600AA2512 /* GoogleSignIn */; };
		2BF4A7E52AF1A52600AA2512 /* GoogleSignInSwift in Frameworks */ = {isa = PBXBuildFile; productRef = 2BF4A7E42AF1A52600AA2512 /* GoogleSignInSwift */; };
		2BF929852AB13FEC00FC105B /* Highlighter in Frameworks */ = {isa = PBXBuildFile; productRef = 2BF929842AB13FEC00FC105B /* Highlighter */; };
		2BFBCAA12B048AC0004F8374 /* QuickAction.swift in Sources */ = {isa = PBXBuildFile; fileRef = 2BFBCAA02B048AC0004F8374 /* QuickAction.swift */; };
		2BFC51552B38DAB200F3E559 /* LaunchAtLogin in Frameworks */ = {isa = PBXBuildFile; productRef = 2BFC51542B38DAB200F3E559 /* LaunchAtLogin */; };
/* End PBXBuildFile section */

/* Begin PBXContainerItemProxy section */
		2BA7F08C2A9ABBA8003D38BA /* PBXContainerItemProxy */ = {
			isa = PBXContainerItemProxy;
			containerPortal = 2BA7F06D2A9ABBA7003D38BA /* Project object */;
			proxyType = 1;
			remoteGlobalIDString = 2BA7F0742A9ABBA8003D38BA;
			remoteInfo = TypeaheadAI;
		};
		2BA7F0962A9ABBA8003D38BA /* PBXContainerItemProxy */ = {
			isa = PBXContainerItemProxy;
			containerPortal = 2BA7F06D2A9ABBA7003D38BA /* Project object */;
			proxyType = 1;
			remoteGlobalIDString = 2BA7F0742A9ABBA8003D38BA;
			remoteInfo = TypeaheadAI;
		};
/* End PBXContainerItemProxy section */

/* Begin PBXFileReference section */
		2B0116EA2AF86E88000C78E1 /* AppState.swift */ = {isa = PBXFileReference; lastKnownFileType = sourcecode.swift; path = AppState.swift; sourceTree = "<group>"; };
		2B0116EC2AF878D1000C78E1 /* AppDelegate.swift */ = {isa = PBXFileReference; lastKnownFileType = sourcecode.swift; path = AppDelegate.swift; sourceTree = "<group>"; };
		2B0116EF2AF88051000C78E1 /* SupabaseManager.swift */ = {isa = PBXFileReference; lastKnownFileType = sourcecode.swift; path = SupabaseManager.swift; sourceTree = "<group>"; };
		2B0116F22AF98D68000C78E1 /* LoggedOutAccountView.swift */ = {isa = PBXFileReference; lastKnownFileType = sourcecode.swift; path = LoggedOutAccountView.swift; sourceTree = "<group>"; };
		2B0116F42AF98EBD000C78E1 /* AccountOptionButton.swift */ = {isa = PBXFileReference; lastKnownFileType = sourcecode.swift; path = AccountOptionButton.swift; sourceTree = "<group>"; };
		2B0116F62AF98F2C000C78E1 /* NewAccountRegistrationForm.swift */ = {isa = PBXFileReference; lastKnownFileType = sourcecode.swift; path = NewAccountRegistrationForm.swift; sourceTree = "<group>"; };
		2B0116F82AF990E2000C78E1 /* EmailAndPasswordView.swift */ = {isa = PBXFileReference; lastKnownFileType = sourcecode.swift; path = EmailAndPasswordView.swift; sourceTree = "<group>"; };
		2B0116FA2AF99347000C78E1 /* RoundedButton.swift */ = {isa = PBXFileReference; lastKnownFileType = sourcecode.swift; path = RoundedButton.swift; sourceTree = "<group>"; };
		2B0B30072ACCDA1100338B76 /* VisualEffect.swift */ = {isa = PBXFileReference; lastKnownFileType = sourcecode.swift; path = VisualEffect.swift; sourceTree = "<group>"; };
		2B0B30092ACD6E6B00338B76 /* UserIntentsView.swift */ = {isa = PBXFileReference; lastKnownFileType = sourcecode.swift; path = UserIntentsView.swift; sourceTree = "<group>"; };
		2B0B300F2ACF8C8000338B76 /* SpecialOpenActor.swift */ = {isa = PBXFileReference; lastKnownFileType = sourcecode.swift; path = SpecialOpenActor.swift; sourceTree = "<group>"; };
		2B0B30182ADCBF1600338B76 /* QuickActionsView.swift */ = {isa = PBXFileReference; lastKnownFileType = sourcecode.swift; path = QuickActionsView.swift; sourceTree = "<group>"; };
		2B0B301A2ADE8E2A00338B76 /* SettingsManager.swift */ = {isa = PBXFileReference; lastKnownFileType = sourcecode.swift; path = SettingsManager.swift; sourceTree = "<group>"; };
		2B11FCE02B0C468100325F38 /* CanSimulateClose.swift */ = {isa = PBXFileReference; lastKnownFileType = sourcecode.swift; path = CanSimulateClose.swift; sourceTree = "<group>"; };
		2B11FCE22B0C47FA00325F38 /* CanSimulateSelectAll.swift */ = {isa = PBXFileReference; lastKnownFileType = sourcecode.swift; path = CanSimulateSelectAll.swift; sourceTree = "<group>"; };
		2B11FCE42B0C555000325F38 /* CanFetchAppContext.swift */ = {isa = PBXFileReference; lastKnownFileType = sourcecode.swift; path = CanFetchAppContext.swift; sourceTree = "<group>"; };
		2B11FCE62B0C55CD00325F38 /* AppContext.swift */ = {isa = PBXFileReference; lastKnownFileType = sourcecode.swift; path = AppContext.swift; sourceTree = "<group>"; };
		2B11FCEF2B0EE00900325F38 /* FeedbackView.swift */ = {isa = PBXFileReference; lastKnownFileType = sourcecode.swift; path = FeedbackView.swift; sourceTree = "<group>"; };
		2B11FCF12B114C3F00325F38 /* Message.swift */ = {isa = PBXFileReference; lastKnownFileType = sourcecode.swift; path = Message.swift; sourceTree = "<group>"; };
		2B11FCF32B196E1500325F38 /* VersionManager.swift */ = {isa = PBXFileReference; lastKnownFileType = sourcecode.swift; path = VersionManager.swift; sourceTree = "<group>"; };
		2B1A18582B2D881000C31B56 /* SpecialRecordActor.swift */ = {isa = PBXFileReference; lastKnownFileType = sourcecode.swift; path = SpecialRecordActor.swift; sourceTree = "<group>"; };
		2B1F20452B1987E400152F13 /* ConversationManager.swift */ = {isa = PBXFileReference; lastKnownFileType = sourcecode.swift; path = ConversationManager.swift; sourceTree = "<group>"; };
		2B1F20472B1BE93F00152F13 /* SearchResultsView.swift */ = {isa = PBXFileReference; lastKnownFileType = sourcecode.swift; path = SearchResultsView.swift; sourceTree = "<group>"; };
		2B27450D2AB0380C00F37D3E /* AppContextManager.swift */ = {isa = PBXFileReference; lastKnownFileType = sourcecode.swift; path = AppContextManager.swift; sourceTree = "<group>"; };
		2B27450F2AB03A3D00F37D3E /* CanSimulateCopy.swift */ = {isa = PBXFileReference; lastKnownFileType = sourcecode.swift; path = CanSimulateCopy.swift; sourceTree = "<group>"; };
		2B2EF14D2AC17D4000EF2BD4 /* CustomTextField.swift */ = {isa = PBXFileReference; lastKnownFileType = sourcecode.swift; path = CustomTextField.swift; sourceTree = "<group>"; };
		2B2EF14F2AC40C8F00EF2BD4 /* ChatBubble.swift */ = {isa = PBXFileReference; lastKnownFileType = sourcecode.swift; path = ChatBubble.swift; sourceTree = "<group>"; };
		2B2EF1512AC40CB500EF2BD4 /* MessagePendingView.swift */ = {isa = PBXFileReference; lastKnownFileType = sourcecode.swift; path = MessagePendingView.swift; sourceTree = "<group>"; };
		2B33D87C2AAC3330001193A2 /* ProfileView.swift */ = {isa = PBXFileReference; lastKnownFileType = sourcecode.swift; path = ProfileView.swift; sourceTree = "<group>"; };
		2B3435022B1EA33500423EE8 /* String+HTMLParser.swift */ = {isa = PBXFileReference; lastKnownFileType = sourcecode.swift; path = "String+HTMLParser.swift"; sourceTree = "<group>"; };
		2B37922E2AB8371A008D812F /* SpecialPasteActor.swift */ = {isa = PBXFileReference; lastKnownFileType = sourcecode.swift; path = SpecialPasteActor.swift; sourceTree = "<group>"; };
		2B3792302AB83739008D812F /* CanSimulatePaste.swift */ = {isa = PBXFileReference; lastKnownFileType = sourcecode.swift; path = CanSimulatePaste.swift; sourceTree = "<group>"; };
		2B3FAC1E2AAAF22400B2D405 /* TypeaheadAI-Bridging-Header.h */ = {isa = PBXFileReference; lastKnownFileType = sourcecode.c.h; path = "TypeaheadAI-Bridging-Header.h"; sourceTree = "<group>"; };
		2B3FAC1F2AAAF22500B2D405 /* LlamaWrapper.cpp */ = {isa = PBXFileReference; lastKnownFileType = sourcecode.cpp.cpp; path = LlamaWrapper.cpp; sourceTree = "<group>"; };
		2B3FAC202AAAF22500B2D405 /* LlamaWrapper.hpp */ = {isa = PBXFileReference; lastKnownFileType = sourcecode.cpp.h; path = LlamaWrapper.hpp; sourceTree = "<group>"; };
		2B3FAC222AAAF44D00B2D405 /* LlamaWrapper.swift */ = {isa = PBXFileReference; lastKnownFileType = sourcecode.swift; path = LlamaWrapper.swift; sourceTree = "<group>"; };
		2B44FA972ABA783F00C6B542 /* OnboardingView.swift */ = {isa = PBXFileReference; lastKnownFileType = sourcecode.swift; path = OnboardingView.swift; sourceTree = "<group>"; };
		2B473E862AA85B9A0042913D /* IncognitoModeView.swift */ = {isa = PBXFileReference; lastKnownFileType = sourcecode.swift; path = IncognitoModeView.swift; sourceTree = "<group>"; };
		2B473E882AA85BDD0042913D /* LlamaModelManager.swift */ = {isa = PBXFileReference; lastKnownFileType = sourcecode.swift; path = LlamaModelManager.swift; sourceTree = "<group>"; };
		2B4BDB8A2ACC281E00E55D78 /* IntentManager.swift */ = {isa = PBXFileReference; lastKnownFileType = sourcecode.swift; path = IntentManager.swift; sourceTree = "<group>"; };
		2B520D802AC7FD4800310426 /* AuxiliaryMenuView.swift */ = {isa = PBXFileReference; lastKnownFileType = sourcecode.swift; path = AuxiliaryMenuView.swift; sourceTree = "<group>"; };
		2B520D842AC82EA100310426 /* AccountView.swift */ = {isa = PBXFileReference; lastKnownFileType = sourcecode.swift; path = AccountView.swift; sourceTree = "<group>"; };
		2B5FFA642B2507BE001F9B74 /* RecentConversationsView.swift */ = {isa = PBXFileReference; lastKnownFileType = sourcecode.swift; path = RecentConversationsView.swift; sourceTree = "<group>"; };
		2B7BBABF2AF2B4D300E4CE1F /* QuickActionDetails.swift */ = {isa = PBXFileReference; lastKnownFileType = sourcecode.swift; path = QuickActionDetails.swift; sourceTree = "<group>"; };
		2B7BBAC12AF3347100E4CE1F /* NewQuickActionForm.swift */ = {isa = PBXFileReference; lastKnownFileType = sourcecode.swift; path = NewQuickActionForm.swift; sourceTree = "<group>"; };
		2B7D357B2B00B48600E85AEF /* LoggedOutOnboardingView.swift */ = {isa = PBXFileReference; lastKnownFileType = sourcecode.swift; path = LoggedOutOnboardingView.swift; sourceTree = "<group>"; };
		2B7D357D2B00C1D100E85AEF /* SafariView.swift */ = {isa = PBXFileReference; lastKnownFileType = sourcecode.swift; path = SafariView.swift; sourceTree = "<group>"; };
		2B7D35832B01B14100E85AEF /* IntroOnboardingView.swift */ = {isa = PBXFileReference; lastKnownFileType = sourcecode.swift; path = IntroOnboardingView.swift; sourceTree = "<group>"; };
		2B7D35852B01B16A00E85AEF /* OutroOnboardingView.swift */ = {isa = PBXFileReference; lastKnownFileType = sourcecode.swift; path = OutroOnboardingView.swift; sourceTree = "<group>"; };
		2B7D35892B01ED5100E85AEF /* SmartCopyOnboardingView.swift */ = {isa = PBXFileReference; lastKnownFileType = sourcecode.swift; path = SmartCopyOnboardingView.swift; sourceTree = "<group>"; };
		2B7D358B2B0211FA00E85AEF /* SmartPasteOnboardingView.swift */ = {isa = PBXFileReference; lastKnownFileType = sourcecode.swift; path = SmartPasteOnboardingView.swift; sourceTree = "<group>"; };
		2B800A092AF4441200E0D8F7 /* QuickActionExampleForm.swift */ = {isa = PBXFileReference; lastKnownFileType = sourcecode.swift; path = QuickActionExampleForm.swift; sourceTree = "<group>"; };
		2B8B952A2A9C528B00FB9EA9 /* ScriptManager.swift */ = {isa = PBXFileReference; lastKnownFileType = sourcecode.swift; path = ScriptManager.swift; sourceTree = "<group>"; };
		2B8CD4932B05D278003E0589 /* CanPerformOCR.swift */ = {isa = PBXFileReference; lastKnownFileType = sourcecode.swift; path = CanPerformOCR.swift; sourceTree = "<group>"; };
		2B8CD4952B05FF59003E0589 /* ModalFooterView.swift */ = {isa = PBXFileReference; lastKnownFileType = sourcecode.swift; path = ModalFooterView.swift; sourceTree = "<group>"; };
		2B8CD4982B06DD36003E0589 /* FunctionManager.swift */ = {isa = PBXFileReference; lastKnownFileType = sourcecode.swift; path = FunctionManager.swift; sourceTree = "<group>"; };
		2B8CD49A2B076AE6003E0589 /* ActivateOnboardingView.swift */ = {isa = PBXFileReference; lastKnownFileType = sourcecode.swift; path = ActivateOnboardingView.swift; sourceTree = "<group>"; };
		2B8CD4A12B09C3A8003E0589 /* CanScreenshot.swift */ = {isa = PBXFileReference; lastKnownFileType = sourcecode.swift; path = CanScreenshot.swift; sourceTree = "<group>"; };
		2B8CD4B32B0A9A11003E0589 /* Theme+Custom.swift */ = {isa = PBXFileReference; lastKnownFileType = sourcecode.swift; path = "Theme+Custom.swift"; sourceTree = "<group>"; };
		2B8CD4B52B0AA450003E0589 /* CustomSyntaxHighlighter.swift */ = {isa = PBXFileReference; lastKnownFileType = sourcecode.swift; path = CustomSyntaxHighlighter.swift; sourceTree = "<group>"; };
		2B8CD4BA2B0AAC09003E0589 /* CopyButtonView.swift */ = {isa = PBXFileReference; lastKnownFileType = sourcecode.swift; path = CopyButtonView.swift; sourceTree = "<group>"; };
		2B92BDB82AA3A2DD00E65CFA /* CustomModalWindow.swift */ = {isa = PBXFileReference; lastKnownFileType = sourcecode.swift; path = CustomModalWindow.swift; sourceTree = "<group>"; };
		2B92BDBA2AA3D10800E65CFA /* ModalManager.swift */ = {isa = PBXFileReference; lastKnownFileType = sourcecode.swift; path = ModalManager.swift; sourceTree = "<group>"; };
		2B9A897A2B3BD9EA00041856 /* AXOpenPanelVisitor.swift */ = {isa = PBXFileReference; lastKnownFileType = sourcecode.swift; path = AXOpenPanelVisitor.swift; sourceTree = "<group>"; };
		2B9A897E2B3BE4B300041856 /* FunctionManager+OpenFile.swift */ = {isa = PBXFileReference; lastKnownFileType = sourcecode.swift; path = "FunctionManager+OpenFile.swift"; sourceTree = "<group>"; };
		2B9A89802B3CD06C00041856 /* CanSimulateGoToFile.swift */ = {isa = PBXFileReference; lastKnownFileType = sourcecode.swift; path = CanSimulateGoToFile.swift; sourceTree = "<group>"; };
		2B9A89822B3CDC1C00041856 /* FunctionManager+SaveFile.swift */ = {isa = PBXFileReference; lastKnownFileType = sourcecode.swift; path = "FunctionManager+SaveFile.swift"; sourceTree = "<group>"; };
		2B9A89842B3CDC9700041856 /* AXSavePanelVisitor.swift */ = {isa = PBXFileReference; lastKnownFileType = sourcecode.swift; path = AXSavePanelVisitor.swift; sourceTree = "<group>"; };
		2B9A89862B3CE1D300041856 /* CanFocusOnElement.swift */ = {isa = PBXFileReference; lastKnownFileType = sourcecode.swift; path = CanFocusOnElement.swift; sourceTree = "<group>"; };
		2B9A898A2B4122DC00041856 /* UIElementVisitor.swift */ = {isa = PBXFileReference; lastKnownFileType = sourcecode.swift; path = UIElementVisitor.swift; sourceTree = "<group>"; };
		2B9A89902B44CBCC00041856 /* JSONAny.swift */ = {isa = PBXFileReference; lastKnownFileType = sourcecode.swift; path = JSONAny.swift; sourceTree = "<group>"; };
		2B9A89922B44D70D00041856 /* Task+Extension.swift */ = {isa = PBXFileReference; lastKnownFileType = sourcecode.swift; path = "Task+Extension.swift"; sourceTree = "<group>"; };
		2B9A89942B4539DC00041856 /* SmartRecordOnboardingView.swift */ = {isa = PBXFileReference; lastKnownFileType = sourcecode.swift; path = SmartRecordOnboardingView.swift; sourceTree = "<group>"; };
		2B9A89962B453A0A00041856 /* AutopilotOnboardingView.swift */ = {isa = PBXFileReference; lastKnownFileType = sourcecode.swift; path = AutopilotOnboardingView.swift; sourceTree = "<group>"; };
		2B9A89982B4AC52900041856 /* Localizable.xcstrings */ = {isa = PBXFileReference; lastKnownFileType = text.json.xcstrings; path = Localizable.xcstrings; sourceTree = "<group>"; };
		2BA3C2362AADAD9A00537F95 /* SpecialCopyActor.swift */ = {isa = PBXFileReference; lastKnownFileType = sourcecode.swift; path = SpecialCopyActor.swift; sourceTree = "<group>"; };
		2BA7F0752A9ABBA8003D38BA /* TypeaheadAI.app */ = {isa = PBXFileReference; explicitFileType = wrapper.application; includeInIndex = 0; path = TypeaheadAI.app; sourceTree = BUILT_PRODUCTS_DIR; };
		2BA7F0782A9ABBA8003D38BA /* TypeaheadAIApp.swift */ = {isa = PBXFileReference; lastKnownFileType = sourcecode.swift; path = TypeaheadAIApp.swift; sourceTree = "<group>"; };
		2BA7F07C2A9ABBA8003D38BA /* Assets.xcassets */ = {isa = PBXFileReference; lastKnownFileType = folder.assetcatalog; path = Assets.xcassets; sourceTree = "<group>"; };
		2BA7F07F2A9ABBA8003D38BA /* Preview Assets.xcassets */ = {isa = PBXFileReference; lastKnownFileType = folder.assetcatalog; path = "Preview Assets.xcassets"; sourceTree = "<group>"; };
		2BA7F0812A9ABBA8003D38BA /* Persistence.swift */ = {isa = PBXFileReference; lastKnownFileType = sourcecode.swift; path = Persistence.swift; sourceTree = "<group>"; };
		2BA7F0842A9ABBA8003D38BA /* TypeaheadAI.xcdatamodel */ = {isa = PBXFileReference; lastKnownFileType = wrapper.xcdatamodel; path = TypeaheadAI.xcdatamodel; sourceTree = "<group>"; };
		2BA7F0862A9ABBA8003D38BA /* TypeaheadAI.entitlements */ = {isa = PBXFileReference; lastKnownFileType = text.plist.entitlements; path = TypeaheadAI.entitlements; sourceTree = "<group>"; };
		2BA7F08B2A9ABBA8003D38BA /* TypeaheadAITests.xctest */ = {isa = PBXFileReference; explicitFileType = wrapper.cfbundle; includeInIndex = 0; path = TypeaheadAITests.xctest; sourceTree = BUILT_PRODUCTS_DIR; };
		2BA7F08F2A9ABBA8003D38BA /* TypeaheadAITests.swift */ = {isa = PBXFileReference; lastKnownFileType = sourcecode.swift; path = TypeaheadAITests.swift; sourceTree = "<group>"; };
		2BA7F0952A9ABBA8003D38BA /* TypeaheadAIUITests.xctest */ = {isa = PBXFileReference; explicitFileType = wrapper.cfbundle; includeInIndex = 0; path = TypeaheadAIUITests.xctest; sourceTree = BUILT_PRODUCTS_DIR; };
		2BA7F0992A9ABBA8003D38BA /* TypeaheadAIUITests.swift */ = {isa = PBXFileReference; lastKnownFileType = sourcecode.swift; path = TypeaheadAIUITests.swift; sourceTree = "<group>"; };
		2BA7F09B2A9ABBA8003D38BA /* TypeaheadAIUITestsLaunchTests.swift */ = {isa = PBXFileReference; lastKnownFileType = sourcecode.swift; path = TypeaheadAIUITestsLaunchTests.swift; sourceTree = "<group>"; };
		2BA7F0A82A9ABBE2003D38BA /* ClientManager.swift */ = {isa = PBXFileReference; lastKnownFileType = sourcecode.swift; path = ClientManager.swift; sourceTree = "<group>"; };
		2BA7F0AA2A9ABC20003D38BA /* Constants.swift */ = {isa = PBXFileReference; lastKnownFileType = sourcecode.swift; path = Constants.swift; sourceTree = "<group>"; };
		2BA7F0B22A9ABCBF003D38BA /* MenuView.swift */ = {isa = PBXFileReference; lastKnownFileType = sourcecode.swift; path = MenuView.swift; sourceTree = "<group>"; };
		2BA7F0B42A9ABCD7003D38BA /* QuickActionManager.swift */ = {isa = PBXFileReference; lastKnownFileType = sourcecode.swift; path = QuickActionManager.swift; sourceTree = "<group>"; };
		2BA7F0B62A9ABD61003D38BA /* SettingsView.swift */ = {isa = PBXFileReference; lastKnownFileType = sourcecode.swift; path = SettingsView.swift; sourceTree = "<group>"; };
		2BAA97882B02DF6E00EC6A63 /* QuickActionExplanationOnboardingView.swift */ = {isa = PBXFileReference; lastKnownFileType = sourcecode.swift; path = QuickActionExplanationOnboardingView.swift; sourceTree = "<group>"; };
		2BAA978A2B02E81600EC6A63 /* IntentsOnboardingView.swift */ = {isa = PBXFileReference; lastKnownFileType = sourcecode.swift; path = IntentsOnboardingView.swift; sourceTree = "<group>"; };
		2BAA978C2B02EBE500EC6A63 /* RefineOnboardingView.swift */ = {isa = PBXFileReference; lastKnownFileType = sourcecode.swift; path = RefineOnboardingView.swift; sourceTree = "<group>"; };
		2BAA97902B0366C400EC6A63 /* OnboardingWindowManager.swift */ = {isa = PBXFileReference; lastKnownFileType = sourcecode.swift; path = OnboardingWindowManager.swift; sourceTree = "<group>"; };
		2BAA97922B03693A00EC6A63 /* Notification+Extension.swift */ = {isa = PBXFileReference; lastKnownFileType = sourcecode.swift; path = "Notification+Extension.swift"; sourceTree = "<group>"; };
		2BAA97942B042AD400EC6A63 /* PermissionsOnboardingView.swift */ = {isa = PBXFileReference; lastKnownFileType = sourcecode.swift; path = PermissionsOnboardingView.swift; sourceTree = "<group>"; };
		2BAC14752AF61DD000B33E13 /* WebView.swift */ = {isa = PBXFileReference; lastKnownFileType = sourcecode.swift; path = WebView.swift; sourceTree = "<group>"; };
		2BAFDB652AF58E0B009C8370 /* ConversationView.swift */ = {isa = PBXFileReference; lastKnownFileType = sourcecode.swift; path = ConversationView.swift; sourceTree = "<group>"; };
		2BAFDB6A2AF60F64009C8370 /* MenuButtonView.swift */ = {isa = PBXFileReference; lastKnownFileType = sourcecode.swift; path = MenuButtonView.swift; sourceTree = "<group>"; };
		2BC5271B2ABD9C8200173E12 /* HistoryListView.swift */ = {isa = PBXFileReference; lastKnownFileType = sourcecode.swift; path = HistoryListView.swift; sourceTree = "<group>"; };
		2BCB017C2A9EF9A6009F9FAC /* RequestStatus.swift */ = {isa = PBXFileReference; lastKnownFileType = sourcecode.swift; path = RequestStatus.swift; sourceTree = "<group>"; };
		2BCF84342A9DD90F00359841 /* HistoryManager.swift */ = {isa = PBXFileReference; lastKnownFileType = sourcecode.swift; path = HistoryManager.swift; sourceTree = "<group>"; };
		2BCF84392A9DE6DA00359841 /* GeneralSettingsView.swift */ = {isa = PBXFileReference; lastKnownFileType = sourcecode.swift; path = GeneralSettingsView.swift; sourceTree = "<group>"; };
		2BD3821D2B2C4B2E00F96C19 /* CanSimulateEnter.swift */ = {isa = PBXFileReference; lastKnownFileType = sourcecode.swift; path = CanSimulateEnter.swift; sourceTree = "<group>"; };
		2BDA45C22ABEE840006128BC /* MessageView.swift */ = {isa = PBXFileReference; lastKnownFileType = sourcecode.swift; path = MessageView.swift; sourceTree = "<group>"; };
		2BDDB98A2B27DDFF00D52BF0 /* String+XMLMarkdown.swift */ = {isa = PBXFileReference; lastKnownFileType = sourcecode.swift; path = "String+XMLMarkdown.swift"; sourceTree = "<group>"; };
		2BDDB98C2B282AFF00D52BF0 /* AppManager.swift */ = {isa = PBXFileReference; lastKnownFileType = sourcecode.swift; path = AppManager.swift; sourceTree = "<group>"; };
		2BDDB98E2B282B3000D52BF0 /* Application.swift */ = {isa = PBXFileReference; lastKnownFileType = sourcecode.swift; path = Application.swift; sourceTree = "<group>"; };
		2BDDB9922B28341C00D52BF0 /* FunctionManager+OpenApplication.swift */ = {isa = PBXFileReference; lastKnownFileType = sourcecode.swift; path = "FunctionManager+OpenApplication.swift"; sourceTree = "<group>"; };
		2BDDB9942B2834B100D52BF0 /* FunctionManager+OpenURL.swift */ = {isa = PBXFileReference; lastKnownFileType = sourcecode.swift; path = "FunctionManager+OpenURL.swift"; sourceTree = "<group>"; };
		2BDDB9962B28352800D52BF0 /* FunctionManager+PerformUIAction.swift */ = {isa = PBXFileReference; lastKnownFileType = sourcecode.swift; path = "FunctionManager+PerformUIAction.swift"; sourceTree = "<group>"; };
		2BE0EC212AA0956C00E47C52 /* ModalView.swift */ = {isa = PBXFileReference; lastKnownFileType = sourcecode.swift; path = ModalView.swift; sourceTree = "<group>"; };
		2BE0EC242AA17DB600E47C52 /* Info.plist */ = {isa = PBXFileReference; lastKnownFileType = text.plist.xml; path = Info.plist; sourceTree = "<group>"; };
		2BE7BB872B258B4C00164F88 /* CanGetUIElements.swift */ = {isa = PBXFileReference; lastKnownFileType = sourcecode.swift; path = CanGetUIElements.swift; sourceTree = "<group>"; };
		2BE7BB8C2B258C4400164F88 /* AXUIElement+Extension.swift */ = {isa = PBXFileReference; lastKnownFileType = sourcecode.swift; path = "AXUIElement+Extension.swift"; sourceTree = "<group>"; };
		2BE7BB8E2B258C7900164F88 /* UIElement.swift */ = {isa = PBXFileReference; lastKnownFileType = sourcecode.swift; path = UIElement.swift; sourceTree = "<group>"; };
		2BFBCAA02B048AC0004F8374 /* QuickAction.swift */ = {isa = PBXFileReference; lastKnownFileType = sourcecode.swift; path = QuickAction.swift; sourceTree = "<group>"; };
/* End PBXFileReference section */

/* Begin PBXFrameworksBuildPhase section */
		2BA7F0722A9ABBA8003D38BA /* Frameworks */ = {
			isa = PBXFrameworksBuildPhase;
			buildActionMask = 2147483647;
			files = (
				2B4BDB892ACBED2100E55D78 /* SettingsAccess in Frameworks */,
				2BA3C2352AADAC5700537F95 /* llama in Frameworks */,
				2B473E8C2AA860380042913D /* MenuBarExtraAccess in Frameworks */,
				2BFC51552B38DAB200F3E559 /* LaunchAtLogin in Frameworks */,
				2B1F3B7E2AEC5F8500F1BB60 /* Supabase in Frameworks */,
				2BF929852AB13FEC00FC105B /* Highlighter in Frameworks */,
				2BF4A7E52AF1A52600AA2512 /* GoogleSignInSwift in Frameworks */,
				2BA7F0AE2A9ABC47003D38BA /* KeyboardShortcuts in Frameworks */,
				2BDDB9892B27DDE100D52BF0 /* SwiftSoup in Frameworks */,
				2BF4A7E32AF1A52600AA2512 /* GoogleSignIn in Frameworks */,
				2B8CD4BE2B0AB13B003E0589 /* MarkdownUI in Frameworks */,
			);
			runOnlyForDeploymentPostprocessing = 0;
		};
		2BA7F0882A9ABBA8003D38BA /* Frameworks */ = {
			isa = PBXFrameworksBuildPhase;
			buildActionMask = 2147483647;
			files = (
			);
			runOnlyForDeploymentPostprocessing = 0;
		};
		2BA7F0922A9ABBA8003D38BA /* Frameworks */ = {
			isa = PBXFrameworksBuildPhase;
			buildActionMask = 2147483647;
			files = (
			);
			runOnlyForDeploymentPostprocessing = 0;
		};
/* End PBXFrameworksBuildPhase section */

/* Begin PBXGroup section */
		2B0116EE2AF88042000C78E1 /* Supabase */ = {
			isa = PBXGroup;
			children = (
				2B0116EF2AF88051000C78E1 /* SupabaseManager.swift */,
			);
			path = Supabase;
			sourceTree = "<group>";
		};
		2B0116F12AF9800C000C78E1 /* Account */ = {
			isa = PBXGroup;
			children = (
				2B0116F42AF98EBD000C78E1 /* AccountOptionButton.swift */,
				2B0116F62AF98F2C000C78E1 /* NewAccountRegistrationForm.swift */,
				2B0116F82AF990E2000C78E1 /* EmailAndPasswordView.swift */,
				2B7D357D2B00C1D100E85AEF /* SafariView.swift */,
			);
			path = Account;
			sourceTree = "<group>";
		};
		2B33D8812AAC4E0F001193A2 /* Actors */ = {
			isa = PBXGroup;
			children = (
				2BA3C2362AADAD9A00537F95 /* SpecialCopyActor.swift */,
				2B37922E2AB8371A008D812F /* SpecialPasteActor.swift */,
				2B0B300F2ACF8C8000338B76 /* SpecialOpenActor.swift */,
				2B1A18582B2D881000C31B56 /* SpecialRecordActor.swift */,
			);
			path = Actors;
			sourceTree = "<group>";
		};
		2B3FAC1A2AAAF1E300B2D405 /* Frameworks */ = {
			isa = PBXGroup;
			children = (
			);
			name = Frameworks;
			sourceTree = "<group>";
		};
		2B3FAC1D2AAAF20F00B2D405 /* Llama */ = {
			isa = PBXGroup;
			children = (
				2B473E882AA85BDD0042913D /* LlamaModelManager.swift */,
				2B3FAC1E2AAAF22400B2D405 /* TypeaheadAI-Bridging-Header.h */,
				2B3FAC1F2AAAF22500B2D405 /* LlamaWrapper.cpp */,
				2B3FAC202AAAF22500B2D405 /* LlamaWrapper.hpp */,
				2B3FAC222AAAF44D00B2D405 /* LlamaWrapper.swift */,
			);
			path = Llama;
			sourceTree = "<group>";
		};
		2B44FA962ABA783200C6B542 /* Onboarding */ = {
			isa = PBXGroup;
			children = (
				2B44FA972ABA783F00C6B542 /* OnboardingView.swift */,
				2B7D357B2B00B48600E85AEF /* LoggedOutOnboardingView.swift */,
				2B7D35832B01B14100E85AEF /* IntroOnboardingView.swift */,
				2BAA97942B042AD400EC6A63 /* PermissionsOnboardingView.swift */,
				2B8CD49A2B076AE6003E0589 /* ActivateOnboardingView.swift */,
				2B7D35892B01ED5100E85AEF /* SmartCopyOnboardingView.swift */,
				2BAA978A2B02E81600EC6A63 /* IntentsOnboardingView.swift */,
				2BAA978C2B02EBE500EC6A63 /* RefineOnboardingView.swift */,
				2B7D358B2B0211FA00E85AEF /* SmartPasteOnboardingView.swift */,
				2BAA97882B02DF6E00EC6A63 /* QuickActionExplanationOnboardingView.swift */,
				2B9A89962B453A0A00041856 /* AutopilotOnboardingView.swift */,
				2B9A89942B4539DC00041856 /* SmartRecordOnboardingView.swift */,
				2B7D35852B01B16A00E85AEF /* OutroOnboardingView.swift */,
			);
			path = Onboarding;
			sourceTree = "<group>";
		};
		2B7BBABE2AF2B47900E4CE1F /* QuickActions */ = {
			isa = PBXGroup;
			children = (
				2B0B30182ADCBF1600338B76 /* QuickActionsView.swift */,
				2B7BBABF2AF2B4D300E4CE1F /* QuickActionDetails.swift */,
				2B7BBAC12AF3347100E4CE1F /* NewQuickActionForm.swift */,
				2B800A092AF4441200E0D8F7 /* QuickActionExampleForm.swift */,
			);
			path = QuickActions;
			sourceTree = "<group>";
		};
		2B8CD4972B06DD1D003E0589 /* Functions */ = {
			isa = PBXGroup;
			children = (
				2B8CD4982B06DD36003E0589 /* FunctionManager.swift */,
				2BDDB9922B28341C00D52BF0 /* FunctionManager+OpenApplication.swift */,
				2BDDB9942B2834B100D52BF0 /* FunctionManager+OpenURL.swift */,
				2BDDB9962B28352800D52BF0 /* FunctionManager+PerformUIAction.swift */,
				2B9A897E2B3BE4B300041856 /* FunctionManager+OpenFile.swift */,
				2B9A89822B3CDC1C00041856 /* FunctionManager+SaveFile.swift */,
			);
			path = Functions;
			sourceTree = "<group>";
		};
		2B8CD4A02B09C357003E0589 /* Traits */ = {
			isa = PBXGroup;
			children = (
				2B11FCE42B0C555000325F38 /* CanFetchAppContext.swift */,
				2B8CD4932B05D278003E0589 /* CanPerformOCR.swift */,
				2B8CD4A12B09C3A8003E0589 /* CanScreenshot.swift */,
				2B11FCE02B0C468100325F38 /* CanSimulateClose.swift */,
				2B9A89802B3CD06C00041856 /* CanSimulateGoToFile.swift */,
				2BD3821D2B2C4B2E00F96C19 /* CanSimulateEnter.swift */,
				2B27450F2AB03A3D00F37D3E /* CanSimulateCopy.swift */,
				2B3792302AB83739008D812F /* CanSimulatePaste.swift */,
				2B11FCE22B0C47FA00325F38 /* CanSimulateSelectAll.swift */,
				2BE7BB872B258B4C00164F88 /* CanGetUIElements.swift */,
				2B9A89862B3CE1D300041856 /* CanFocusOnElement.swift */,
			);
			path = Traits;
			sourceTree = "<group>";
		};
		2B8CD4B22B0A9A04003E0589 /* Theme */ = {
			isa = PBXGroup;
			children = (
				2B8CD4B32B0A9A11003E0589 /* Theme+Custom.swift */,
				2B8CD4B52B0AA450003E0589 /* CustomSyntaxHighlighter.swift */,
			);
			path = Theme;
			sourceTree = "<group>";
		};
		2B9A89792B3BD9D300041856 /* Accessibility */ = {
			isa = PBXGroup;
			children = (
				2B9A897A2B3BD9EA00041856 /* AXOpenPanelVisitor.swift */,
				2B9A89842B3CDC9700041856 /* AXSavePanelVisitor.swift */,
				2B9A898A2B4122DC00041856 /* UIElementVisitor.swift */,
			);
			path = Accessibility;
			sourceTree = "<group>";
		};
		2BA7F06C2A9ABBA7003D38BA = {
			isa = PBXGroup;
			children = (
				2B9A89982B4AC52900041856 /* Localizable.xcstrings */,
				2BA7F0772A9ABBA8003D38BA /* TypeaheadAI */,
				2BA7F08E2A9ABBA8003D38BA /* TypeaheadAITests */,
				2BA7F0982A9ABBA8003D38BA /* TypeaheadAIUITests */,
				2BA7F0762A9ABBA8003D38BA /* Products */,
				2B3FAC1A2AAAF1E300B2D405 /* Frameworks */,
			);
			sourceTree = "<group>";
		};
		2BA7F0762A9ABBA8003D38BA /* Products */ = {
			isa = PBXGroup;
			children = (
				2BA7F0752A9ABBA8003D38BA /* TypeaheadAI.app */,
				2BA7F08B2A9ABBA8003D38BA /* TypeaheadAITests.xctest */,
				2BA7F0952A9ABBA8003D38BA /* TypeaheadAIUITests.xctest */,
			);
			name = Products;
			sourceTree = "<group>";
		};
		2BA7F0772A9ABBA8003D38BA /* TypeaheadAI */ = {
			isa = PBXGroup;
			children = (
				2B9A89792B3BD9D300041856 /* Accessibility */,
				2BE7BB892B258C2400164F88 /* Extensions */,
				2B33D8812AAC4E0F001193A2 /* Actors */,
				2BF929772AB04D0800FC105B /* CrudManagers */,
				2B8CD4972B06DD1D003E0589 /* Functions */,
				2B3FAC1D2AAAF20F00B2D405 /* Llama */,
				2BFBCA9F2B048AB1004F8374 /* Models */,
				2BA7F07E2A9ABBA8003D38BA /* Preview Content */,
				2B0116EE2AF88042000C78E1 /* Supabase */,
				2B8CD4B22B0A9A04003E0589 /* Theme */,
				2B8CD4A02B09C357003E0589 /* Traits */,
				2BA7F0AF2A9ABC62003D38BA /* Views */,
				2BAA978F2B03668E00EC6A63 /* WindowManagers */,
				2B27450D2AB0380C00F37D3E /* AppContextManager.swift */,
				2B0116EC2AF878D1000C78E1 /* AppDelegate.swift */,
				2B0116EA2AF86E88000C78E1 /* AppState.swift */,
				2BA7F0A82A9ABBE2003D38BA /* ClientManager.swift */,
				2BA7F0AA2A9ABC20003D38BA /* Constants.swift */,
				2BA7F0812A9ABBA8003D38BA /* Persistence.swift */,
				2BCB017C2A9EF9A6009F9FAC /* RequestStatus.swift */,
				2B8B952A2A9C528B00FB9EA9 /* ScriptManager.swift */,
				2B11FCF32B196E1500325F38 /* VersionManager.swift */,
				2BA7F0782A9ABBA8003D38BA /* TypeaheadAIApp.swift */,
				2BA7F07C2A9ABBA8003D38BA /* Assets.xcassets */,
				2BA7F0832A9ABBA8003D38BA /* TypeaheadAI.xcdatamodeld */,
				2BE0EC242AA17DB600E47C52 /* Info.plist */,
				2BA7F0862A9ABBA8003D38BA /* TypeaheadAI.entitlements */,
			);
			path = TypeaheadAI;
			sourceTree = "<group>";
		};
		2BA7F07E2A9ABBA8003D38BA /* Preview Content */ = {
			isa = PBXGroup;
			children = (
				2BA7F07F2A9ABBA8003D38BA /* Preview Assets.xcassets */,
			);
			path = "Preview Content";
			sourceTree = "<group>";
		};
		2BA7F08E2A9ABBA8003D38BA /* TypeaheadAITests */ = {
			isa = PBXGroup;
			children = (
				2BA7F08F2A9ABBA8003D38BA /* TypeaheadAITests.swift */,
			);
			path = TypeaheadAITests;
			sourceTree = "<group>";
		};
		2BA7F0982A9ABBA8003D38BA /* TypeaheadAIUITests */ = {
			isa = PBXGroup;
			children = (
				2BA7F0992A9ABBA8003D38BA /* TypeaheadAIUITests.swift */,
				2BA7F09B2A9ABBA8003D38BA /* TypeaheadAIUITestsLaunchTests.swift */,
			);
			path = TypeaheadAIUITests;
			sourceTree = "<group>";
		};
		2BA7F0AF2A9ABC62003D38BA /* Views */ = {
			isa = PBXGroup;
			children = (
				2B0116F12AF9800C000C78E1 /* Account */,
				2BAFDB6C2AF61475009C8370 /* Menu */,
				2B44FA962ABA783200C6B542 /* Onboarding */,
				2BE0EC202AA0955C00E47C52 /* Modal */,
				2BCF84362A9DE68200359841 /* Settings */,
				2B0B30072ACCDA1100338B76 /* VisualEffect.swift */,
				2B2EF14D2AC17D4000EF2BD4 /* CustomTextField.swift */,
				2B0116FA2AF99347000C78E1 /* RoundedButton.swift */,
			);
			path = Views;
			sourceTree = "<group>";
		};
		2BAA978F2B03668E00EC6A63 /* WindowManagers */ = {
			isa = PBXGroup;
			children = (
				2B92BDBA2AA3D10800E65CFA /* ModalManager.swift */,
				2B92BDB82AA3A2DD00E65CFA /* CustomModalWindow.swift */,
				2B0B301A2ADE8E2A00338B76 /* SettingsManager.swift */,
				2BAA97902B0366C400EC6A63 /* OnboardingWindowManager.swift */,
			);
			path = WindowManagers;
			sourceTree = "<group>";
		};
		2BAFDB672AF5E375009C8370 /* Message */ = {
			isa = PBXGroup;
			children = (
				2B2EF1512AC40CB500EF2BD4 /* MessagePendingView.swift */,
				2BDA45C22ABEE840006128BC /* MessageView.swift */,
				2B2EF14F2AC40C8F00EF2BD4 /* ChatBubble.swift */,
				2BAC14752AF61DD000B33E13 /* WebView.swift */,
				2B8CD4BA2B0AAC09003E0589 /* CopyButtonView.swift */,
			);
			path = Message;
			sourceTree = "<group>";
		};
		2BAFDB6C2AF61475009C8370 /* Menu */ = {
			isa = PBXGroup;
			children = (
				2BAFDB6A2AF60F64009C8370 /* MenuButtonView.swift */,
				2BA7F0B22A9ABCBF003D38BA /* MenuView.swift */,
			);
			path = Menu;
			sourceTree = "<group>";
		};
		2BCF84362A9DE68200359841 /* Settings */ = {
			isa = PBXGroup;
			children = (
				2B7BBABE2AF2B47900E4CE1F /* QuickActions */,
				2B520D842AC82EA100310426 /* AccountView.swift */,
				2B0116F22AF98D68000C78E1 /* LoggedOutAccountView.swift */,
				2BA7F0B62A9ABD61003D38BA /* SettingsView.swift */,
				2BCF84392A9DE6DA00359841 /* GeneralSettingsView.swift */,
				2B473E862AA85B9A0042913D /* IncognitoModeView.swift */,
				2B33D87C2AAC3330001193A2 /* ProfileView.swift */,
				2BC5271B2ABD9C8200173E12 /* HistoryListView.swift */,
				2B11FCEF2B0EE00900325F38 /* FeedbackView.swift */,
			);
			path = Settings;
			sourceTree = "<group>";
		};
		2BE0EC202AA0955C00E47C52 /* Modal */ = {
			isa = PBXGroup;
			children = (
				2BAFDB672AF5E375009C8370 /* Message */,
				2BE0EC212AA0956C00E47C52 /* ModalView.swift */,
				2B0B30092ACD6E6B00338B76 /* UserIntentsView.swift */,
				2BAFDB652AF58E0B009C8370 /* ConversationView.swift */,
				2B520D802AC7FD4800310426 /* AuxiliaryMenuView.swift */,
				2B8CD4952B05FF59003E0589 /* ModalFooterView.swift */,
				2B1F20472B1BE93F00152F13 /* SearchResultsView.swift */,
				2B5FFA642B2507BE001F9B74 /* RecentConversationsView.swift */,
			);
			path = Modal;
			sourceTree = "<group>";
		};
		2BE7BB892B258C2400164F88 /* Extensions */ = {
			isa = PBXGroup;
			children = (
				2BAA97922B03693A00EC6A63 /* Notification+Extension.swift */,
				2B3435022B1EA33500423EE8 /* String+HTMLParser.swift */,
				2BE7BB8C2B258C4400164F88 /* AXUIElement+Extension.swift */,
				2BDDB98A2B27DDFF00D52BF0 /* String+XMLMarkdown.swift */,
				2B9A89922B44D70D00041856 /* Task+Extension.swift */,
			);
			path = Extensions;
			sourceTree = "<group>";
		};
		2BF929772AB04D0800FC105B /* CrudManagers */ = {
			isa = PBXGroup;
			children = (
				2BA7F0B42A9ABCD7003D38BA /* QuickActionManager.swift */,
				2BCF84342A9DD90F00359841 /* HistoryManager.swift */,
				2B4BDB8A2ACC281E00E55D78 /* IntentManager.swift */,
				2B1F20452B1987E400152F13 /* ConversationManager.swift */,
				2BDDB98C2B282AFF00D52BF0 /* AppManager.swift */,
			);
			path = CrudManagers;
			sourceTree = "<group>";
		};
		2BFBCA9F2B048AB1004F8374 /* Models */ = {
			isa = PBXGroup;
			children = (
				2BFBCAA02B048AC0004F8374 /* QuickAction.swift */,
				2B11FCE62B0C55CD00325F38 /* AppContext.swift */,
				2B11FCF12B114C3F00325F38 /* Message.swift */,
				2BE7BB8E2B258C7900164F88 /* UIElement.swift */,
				2BDDB98E2B282B3000D52BF0 /* Application.swift */,
				2B9A89902B44CBCC00041856 /* JSONAny.swift */,
			);
			path = Models;
			sourceTree = "<group>";
		};
/* End PBXGroup section */

/* Begin PBXNativeTarget section */
		2BA7F0742A9ABBA8003D38BA /* TypeaheadAI */ = {
			isa = PBXNativeTarget;
			buildConfigurationList = 2BA7F09F2A9ABBA8003D38BA /* Build configuration list for PBXNativeTarget "TypeaheadAI" */;
			buildPhases = (
				2BA7F0712A9ABBA8003D38BA /* Sources */,
				2BA7F0722A9ABBA8003D38BA /* Frameworks */,
				2BA7F0732A9ABBA8003D38BA /* Resources */,
			);
			buildRules = (
			);
			dependencies = (
			);
			name = TypeaheadAI;
			packageProductDependencies = (
				2BA7F0AD2A9ABC47003D38BA /* KeyboardShortcuts */,
				2B473E8B2AA860380042913D /* MenuBarExtraAccess */,
				2BA3C2342AADAC5700537F95 /* llama */,
				2BF929842AB13FEC00FC105B /* Highlighter */,
				2B4BDB882ACBED2100E55D78 /* SettingsAccess */,
				2B1F3B7D2AEC5F8500F1BB60 /* Supabase */,
				2BF4A7E22AF1A52600AA2512 /* GoogleSignIn */,
				2BF4A7E42AF1A52600AA2512 /* GoogleSignInSwift */,
				2B8CD4BD2B0AB13B003E0589 /* MarkdownUI */,
				2BDDB9882B27DDE100D52BF0 /* SwiftSoup */,
				2BFC51542B38DAB200F3E559 /* LaunchAtLogin */,
			);
			productName = TypeaheadAI;
			productReference = 2BA7F0752A9ABBA8003D38BA /* TypeaheadAI.app */;
			productType = "com.apple.product-type.application";
		};
		2BA7F08A2A9ABBA8003D38BA /* TypeaheadAITests */ = {
			isa = PBXNativeTarget;
			buildConfigurationList = 2BA7F0A22A9ABBA8003D38BA /* Build configuration list for PBXNativeTarget "TypeaheadAITests" */;
			buildPhases = (
				2BA7F0872A9ABBA8003D38BA /* Sources */,
				2BA7F0882A9ABBA8003D38BA /* Frameworks */,
				2BA7F0892A9ABBA8003D38BA /* Resources */,
			);
			buildRules = (
			);
			dependencies = (
				2BA7F08D2A9ABBA8003D38BA /* PBXTargetDependency */,
			);
			name = TypeaheadAITests;
			productName = TypeaheadAITests;
			productReference = 2BA7F08B2A9ABBA8003D38BA /* TypeaheadAITests.xctest */;
			productType = "com.apple.product-type.bundle.unit-test";
		};
		2BA7F0942A9ABBA8003D38BA /* TypeaheadAIUITests */ = {
			isa = PBXNativeTarget;
			buildConfigurationList = 2BA7F0A52A9ABBA8003D38BA /* Build configuration list for PBXNativeTarget "TypeaheadAIUITests" */;
			buildPhases = (
				2BA7F0912A9ABBA8003D38BA /* Sources */,
				2BA7F0922A9ABBA8003D38BA /* Frameworks */,
				2BA7F0932A9ABBA8003D38BA /* Resources */,
			);
			buildRules = (
			);
			dependencies = (
				2BA7F0972A9ABBA8003D38BA /* PBXTargetDependency */,
			);
			name = TypeaheadAIUITests;
			productName = TypeaheadAIUITests;
			productReference = 2BA7F0952A9ABBA8003D38BA /* TypeaheadAIUITests.xctest */;
			productType = "com.apple.product-type.bundle.ui-testing";
		};
/* End PBXNativeTarget section */

/* Begin PBXProject section */
		2BA7F06D2A9ABBA7003D38BA /* Project object */ = {
			isa = PBXProject;
			attributes = {
				BuildIndependentTargetsInParallel = 1;
				LastSwiftUpdateCheck = 1430;
				LastUpgradeCheck = 1500;
				TargetAttributes = {
					2BA7F0742A9ABBA8003D38BA = {
						CreatedOnToolsVersion = 14.3.1;
						LastSwiftMigration = 1430;
					};
					2BA7F08A2A9ABBA8003D38BA = {
						CreatedOnToolsVersion = 14.3.1;
						TestTargetID = 2BA7F0742A9ABBA8003D38BA;
					};
					2BA7F0942A9ABBA8003D38BA = {
						CreatedOnToolsVersion = 14.3.1;
						TestTargetID = 2BA7F0742A9ABBA8003D38BA;
					};
				};
			};
			buildConfigurationList = 2BA7F0702A9ABBA7003D38BA /* Build configuration list for PBXProject "TypeaheadAI" */;
			compatibilityVersion = "Xcode 14.0";
			developmentRegion = en;
			hasScannedForEncodings = 0;
			knownRegions = (
				en,
				Base,
				it,
			);
			mainGroup = 2BA7F06C2A9ABBA7003D38BA;
			packageReferences = (
				2BA7F0AC2A9ABC47003D38BA /* XCRemoteSwiftPackageReference "KeyboardShortcuts" */,
				2B473E8A2AA860380042913D /* XCRemoteSwiftPackageReference "MenuBarExtraAccess" */,
				2BA3C2332AADAC5700537F95 /* XCRemoteSwiftPackageReference "llama" */,
				2BF929832AB13FEC00FC105B /* XCRemoteSwiftPackageReference "HighlighterSwift" */,
				2B4BDB872ACBED2100E55D78 /* XCRemoteSwiftPackageReference "SettingsAccess" */,
				2B1F3B7C2AEC5F8500F1BB60 /* XCRemoteSwiftPackageReference "supabase-swift" */,
				2BC52A202AF1A27C00721033 /* XCRemoteSwiftPackageReference "GoogleSignIn-iOS" */,
				2B8CD4BC2B0AB13B003E0589 /* XCRemoteSwiftPackageReference "swift-markdown-ui" */,
				2BDDB9872B27DDE100D52BF0 /* XCRemoteSwiftPackageReference "SwiftSoup" */,
				2BFC51532B38DAB200F3E559 /* XCRemoteSwiftPackageReference "LaunchAtLogin-Modern" */,
			);
			productRefGroup = 2BA7F0762A9ABBA8003D38BA /* Products */;
			projectDirPath = "";
			projectRoot = "";
			targets = (
				2BA7F0742A9ABBA8003D38BA /* TypeaheadAI */,
				2BA7F08A2A9ABBA8003D38BA /* TypeaheadAITests */,
				2BA7F0942A9ABBA8003D38BA /* TypeaheadAIUITests */,
			);
		};
/* End PBXProject section */

/* Begin PBXResourcesBuildPhase section */
		2BA7F0732A9ABBA8003D38BA /* Resources */ = {
			isa = PBXResourcesBuildPhase;
			buildActionMask = 2147483647;
			files = (
				2BA7F0802A9ABBA8003D38BA /* Preview Assets.xcassets in Resources */,
				2BA7F07D2A9ABBA8003D38BA /* Assets.xcassets in Resources */,
				2B9A89992B4AC52900041856 /* Localizable.xcstrings in Resources */,
			);
			runOnlyForDeploymentPostprocessing = 0;
		};
		2BA7F0892A9ABBA8003D38BA /* Resources */ = {
			isa = PBXResourcesBuildPhase;
			buildActionMask = 2147483647;
			files = (
			);
			runOnlyForDeploymentPostprocessing = 0;
		};
		2BA7F0932A9ABBA8003D38BA /* Resources */ = {
			isa = PBXResourcesBuildPhase;
			buildActionMask = 2147483647;
			files = (
			);
			runOnlyForDeploymentPostprocessing = 0;
		};
/* End PBXResourcesBuildPhase section */

/* Begin PBXSourcesBuildPhase section */
		2BA7F0712A9ABBA8003D38BA /* Sources */ = {
			isa = PBXSourcesBuildPhase;
			buildActionMask = 2147483647;
			files = (
				2B9A898B2B4122DC00041856 /* UIElementVisitor.swift in Sources */,
				2B520D812AC7FD4800310426 /* AuxiliaryMenuView.swift in Sources */,
				2B11FCE72B0C55CD00325F38 /* AppContext.swift in Sources */,
				2B0B30102ACF8C8000338B76 /* SpecialOpenActor.swift in Sources */,
				2B11FCE12B0C468100325F38 /* CanSimulateClose.swift in Sources */,
				2BA7F0822A9ABBA8003D38BA /* Persistence.swift in Sources */,
				2B0116EB2AF86E88000C78E1 /* AppState.swift in Sources */,
				2B473E892AA85BDD0042913D /* LlamaModelManager.swift in Sources */,
				2BAA978B2B02E81600EC6A63 /* IntentsOnboardingView.swift in Sources */,
				2B8CD4B42B0A9A11003E0589 /* Theme+Custom.swift in Sources */,
				2B0B30192ADCBF1600338B76 /* QuickActionsView.swift in Sources */,
				2B8CD49B2B076AE6003E0589 /* ActivateOnboardingView.swift in Sources */,
				2B8CD4B62B0AA450003E0589 /* CustomSyntaxHighlighter.swift in Sources */,
				2B1A18592B2D881000C31B56 /* SpecialRecordActor.swift in Sources */,
				2BA7F0B32A9ABCBF003D38BA /* MenuView.swift in Sources */,
				2B92BDBB2AA3D10800E65CFA /* ModalManager.swift in Sources */,
				2BCF843A2A9DE6DA00359841 /* GeneralSettingsView.swift in Sources */,
				2B0116F32AF98D68000C78E1 /* LoggedOutAccountView.swift in Sources */,
				2B33D87D2AAC3330001193A2 /* ProfileView.swift in Sources */,
				2BA7F0B52A9ABCD7003D38BA /* QuickActionManager.swift in Sources */,
				2B2EF14E2AC17D4000EF2BD4 /* CustomTextField.swift in Sources */,
				2B11FCF22B114C3F00325F38 /* Message.swift in Sources */,
				2B8CD4BB2B0AAC09003E0589 /* CopyButtonView.swift in Sources */,
				2B4BDB8B2ACC281E00E55D78 /* IntentManager.swift in Sources */,
				2B9A89872B3CE1D300041856 /* CanFocusOnElement.swift in Sources */,
				2B7D35862B01B16A00E85AEF /* OutroOnboardingView.swift in Sources */,
				2BAA97912B0366C400EC6A63 /* OnboardingWindowManager.swift in Sources */,
				2BAFDB662AF58E0B009C8370 /* ConversationView.swift in Sources */,
				2BAA97892B02DF6E00EC6A63 /* QuickActionExplanationOnboardingView.swift in Sources */,
				2BDDB98B2B27DDFF00D52BF0 /* String+XMLMarkdown.swift in Sources */,
				2B2EF1502AC40C8F00EF2BD4 /* ChatBubble.swift in Sources */,
				2BC5271C2ABD9C8200173E12 /* HistoryListView.swift in Sources */,
				2B37922F2AB8371A008D812F /* SpecialPasteActor.swift in Sources */,
				2B0B300A2ACD6E6B00338B76 /* UserIntentsView.swift in Sources */,
				2B9A89932B44D70D00041856 /* Task+Extension.swift in Sources */,
				2BDDB98D2B282AFF00D52BF0 /* AppManager.swift in Sources */,
				2B11FCE52B0C555000325F38 /* CanFetchAppContext.swift in Sources */,
				2B9A89812B3CD06C00041856 /* CanSimulateGoToFile.swift in Sources */,
				2B3792312AB83739008D812F /* CanSimulatePaste.swift in Sources */,
				2B9A89832B3CDC1C00041856 /* FunctionManager+SaveFile.swift in Sources */,
				2B8CD4942B05D278003E0589 /* CanPerformOCR.swift in Sources */,
				2B11FCE32B0C47FA00325F38 /* CanSimulateSelectAll.swift in Sources */,
				2BD3821E2B2C4B2E00F96C19 /* CanSimulateEnter.swift in Sources */,
				2B1F20462B1987E400152F13 /* ConversationManager.swift in Sources */,
				2B3FAC232AAAF44D00B2D405 /* LlamaWrapper.swift in Sources */,
				2BDA45C32ABEE840006128BC /* MessageView.swift in Sources */,
				2B9A89952B4539DC00041856 /* SmartRecordOnboardingView.swift in Sources */,
				2B3FAC212AAAF22500B2D405 /* LlamaWrapper.cpp in Sources */,
				2BA3C2372AADAD9A00537F95 /* SpecialCopyActor.swift in Sources */,
				2B520D852AC82EA100310426 /* AccountView.swift in Sources */,
				2B27450E2AB0380C00F37D3E /* AppContextManager.swift in Sources */,
				2B0B301B2ADE8E2A00338B76 /* SettingsManager.swift in Sources */,
				2B9A89912B44CBCC00041856 /* JSONAny.swift in Sources */,
				2B5FFA652B2507BE001F9B74 /* RecentConversationsView.swift in Sources */,
				2B7D357E2B00C1D100E85AEF /* SafariView.swift in Sources */,
				2B8CD4962B05FF59003E0589 /* ModalFooterView.swift in Sources */,
				2B7D35842B01B14100E85AEF /* IntroOnboardingView.swift in Sources */,
				2BDDB98F2B282B3000D52BF0 /* Application.swift in Sources */,
				2B7D358A2B01ED5100E85AEF /* SmartCopyOnboardingView.swift in Sources */,
				2BAFDB6B2AF60F64009C8370 /* MenuButtonView.swift in Sources */,
				2B1F20482B1BE94000152F13 /* SearchResultsView.swift in Sources */,
				2B7BBAC22AF3347100E4CE1F /* NewQuickActionForm.swift in Sources */,
				2BA7F0792A9ABBA8003D38BA /* TypeaheadAIApp.swift in Sources */,
				2BA7F0B72A9ABD61003D38BA /* SettingsView.swift in Sources */,
				2BE7BB8F2B258C7900164F88 /* UIElement.swift in Sources */,
				2B0116ED2AF878D1000C78E1 /* AppDelegate.swift in Sources */,
				2BA7F0852A9ABBA8003D38BA /* TypeaheadAI.xcdatamodeld in Sources */,
				2BE7BB882B258B4C00164F88 /* CanGetUIElements.swift in Sources */,
				2BAC14762AF61DD000B33E13 /* WebView.swift in Sources */,
				2B2EF1522AC40CB500EF2BD4 /* MessagePendingView.swift in Sources */,
				2BA7F0A92A9ABBE2003D38BA /* ClientManager.swift in Sources */,
				2B44FA982ABA783F00C6B542 /* OnboardingView.swift in Sources */,
				2B8CD4992B06DD36003E0589 /* FunctionManager.swift in Sources */,
				2BE7BB8D2B258C4400164F88 /* AXUIElement+Extension.swift in Sources */,
				2BE0EC222AA0956C00E47C52 /* ModalView.swift in Sources */,
				2B9A89852B3CDC9700041856 /* AXSavePanelVisitor.swift in Sources */,
				2BDDB9972B28352800D52BF0 /* FunctionManager+PerformUIAction.swift in Sources */,
				2B9A897F2B3BE4B300041856 /* FunctionManager+OpenFile.swift in Sources */,
				2B92BDB92AA3A2DD00E65CFA /* CustomModalWindow.swift in Sources */,
				2BCB017D2A9EF9A6009F9FAC /* RequestStatus.swift in Sources */,
				2BDDB9952B2834B100D52BF0 /* FunctionManager+OpenURL.swift in Sources */,
				2B7D358C2B0211FA00E85AEF /* SmartPasteOnboardingView.swift in Sources */,
				2BDDB9932B28341C00D52BF0 /* FunctionManager+OpenApplication.swift in Sources */,
				2B473E872AA85B9A0042913D /* IncognitoModeView.swift in Sources */,
				2B0116F52AF98EBD000C78E1 /* AccountOptionButton.swift in Sources */,
				2B7BBAC02AF2B4D300E4CE1F /* QuickActionDetails.swift in Sources */,
				2B0116F92AF990E2000C78E1 /* EmailAndPasswordView.swift in Sources */,
				2BFBCAA12B048AC0004F8374 /* QuickAction.swift in Sources */,
				2BAA978D2B02EBE500EC6A63 /* RefineOnboardingView.swift in Sources */,
				2BCF84352A9DD90F00359841 /* HistoryManager.swift in Sources */,
				2B0116FB2AF99347000C78E1 /* RoundedButton.swift in Sources */,
				2BAA97932B03693A00EC6A63 /* Notification+Extension.swift in Sources */,
				2B8B952B2A9C528B00FB9EA9 /* ScriptManager.swift in Sources */,
				2BA7F0AB2A9ABC20003D38BA /* Constants.swift in Sources */,
				2B0116F72AF98F2C000C78E1 /* NewAccountRegistrationForm.swift in Sources */,
				2B11FCF42B196E1500325F38 /* VersionManager.swift in Sources */,
				2B7D357C2B00B48600E85AEF /* LoggedOutOnboardingView.swift in Sources */,
				2B11FCF02B0EE00900325F38 /* FeedbackView.swift in Sources */,
				2B9A89972B453A0A00041856 /* AutopilotOnboardingView.swift in Sources */,
				2B0B30082ACCDA1100338B76 /* VisualEffect.swift in Sources */,
				2B3435032B1EA33500423EE8 /* String+HTMLParser.swift in Sources */,
				2B800A0A2AF4441200E0D8F7 /* QuickActionExampleForm.swift in Sources */,
				2B9A897B2B3BD9EA00041856 /* AXOpenPanelVisitor.swift in Sources */,
				2BAA97952B042AD400EC6A63 /* PermissionsOnboardingView.swift in Sources */,
				2B2745102AB03A3D00F37D3E /* CanSimulateCopy.swift in Sources */,
				2B8CD4A22B09C3A8003E0589 /* CanScreenshot.swift in Sources */,
				2B0116F02AF88051000C78E1 /* SupabaseManager.swift in Sources */,
			);
			runOnlyForDeploymentPostprocessing = 0;
		};
		2BA7F0872A9ABBA8003D38BA /* Sources */ = {
			isa = PBXSourcesBuildPhase;
			buildActionMask = 2147483647;
			files = (
				2BA7F0902A9ABBA8003D38BA /* TypeaheadAITests.swift in Sources */,
			);
			runOnlyForDeploymentPostprocessing = 0;
		};
		2BA7F0912A9ABBA8003D38BA /* Sources */ = {
			isa = PBXSourcesBuildPhase;
			buildActionMask = 2147483647;
			files = (
				2BA7F09C2A9ABBA8003D38BA /* TypeaheadAIUITestsLaunchTests.swift in Sources */,
				2BA7F09A2A9ABBA8003D38BA /* TypeaheadAIUITests.swift in Sources */,
			);
			runOnlyForDeploymentPostprocessing = 0;
		};
/* End PBXSourcesBuildPhase section */

/* Begin PBXTargetDependency section */
		2BA7F08D2A9ABBA8003D38BA /* PBXTargetDependency */ = {
			isa = PBXTargetDependency;
			target = 2BA7F0742A9ABBA8003D38BA /* TypeaheadAI */;
			targetProxy = 2BA7F08C2A9ABBA8003D38BA /* PBXContainerItemProxy */;
		};
		2BA7F0972A9ABBA8003D38BA /* PBXTargetDependency */ = {
			isa = PBXTargetDependency;
			target = 2BA7F0742A9ABBA8003D38BA /* TypeaheadAI */;
			targetProxy = 2BA7F0962A9ABBA8003D38BA /* PBXContainerItemProxy */;
		};
/* End PBXTargetDependency section */

/* Begin XCBuildConfiguration section */
		2BA7F09D2A9ABBA8003D38BA /* Debug */ = {
			isa = XCBuildConfiguration;
			buildSettings = {
				ALWAYS_SEARCH_USER_PATHS = NO;
				CLANG_ANALYZER_NONNULL = YES;
				CLANG_ANALYZER_NUMBER_OBJECT_CONVERSION = YES_AGGRESSIVE;
				CLANG_CXX_LANGUAGE_STANDARD = "gnu++20";
				CLANG_ENABLE_MODULES = YES;
				CLANG_ENABLE_OBJC_ARC = YES;
				CLANG_ENABLE_OBJC_WEAK = YES;
				CLANG_WARN_BLOCK_CAPTURE_AUTORELEASING = YES;
				CLANG_WARN_BOOL_CONVERSION = YES;
				CLANG_WARN_COMMA = YES;
				CLANG_WARN_CONSTANT_CONVERSION = YES;
				CLANG_WARN_DEPRECATED_OBJC_IMPLEMENTATIONS = YES;
				CLANG_WARN_DIRECT_OBJC_ISA_USAGE = YES_ERROR;
				CLANG_WARN_DOCUMENTATION_COMMENTS = YES;
				CLANG_WARN_EMPTY_BODY = YES;
				CLANG_WARN_ENUM_CONVERSION = YES;
				CLANG_WARN_INFINITE_RECURSION = YES;
				CLANG_WARN_INT_CONVERSION = YES;
				CLANG_WARN_NON_LITERAL_NULL_CONVERSION = YES;
				CLANG_WARN_OBJC_IMPLICIT_RETAIN_SELF = YES;
				CLANG_WARN_OBJC_LITERAL_CONVERSION = YES;
				CLANG_WARN_OBJC_ROOT_CLASS = YES_ERROR;
				CLANG_WARN_QUOTED_INCLUDE_IN_FRAMEWORK_HEADER = YES;
				CLANG_WARN_RANGE_LOOP_ANALYSIS = YES;
				CLANG_WARN_STRICT_PROTOTYPES = YES;
				CLANG_WARN_SUSPICIOUS_MOVE = YES;
				CLANG_WARN_UNGUARDED_AVAILABILITY = YES_AGGRESSIVE;
				CLANG_WARN_UNREACHABLE_CODE = YES;
				CLANG_WARN__DUPLICATE_METHOD_MATCH = YES;
				COPY_PHASE_STRIP = NO;
				DEAD_CODE_STRIPPING = YES;
				DEBUG_INFORMATION_FORMAT = dwarf;
				ENABLE_STRICT_OBJC_MSGSEND = YES;
				ENABLE_TESTABILITY = YES;
				ENABLE_USER_SCRIPT_SANDBOXING = YES;
				GCC_C_LANGUAGE_STANDARD = gnu11;
				GCC_DYNAMIC_NO_PIC = NO;
				GCC_NO_COMMON_BLOCKS = YES;
				GCC_OPTIMIZATION_LEVEL = 0;
				GCC_PREPROCESSOR_DEFINITIONS = (
					"DEBUG=1",
					"$(inherited)",
				);
				GCC_WARN_64_TO_32_BIT_CONVERSION = YES;
				GCC_WARN_ABOUT_RETURN_TYPE = YES_ERROR;
				GCC_WARN_UNDECLARED_SELECTOR = YES;
				GCC_WARN_UNINITIALIZED_AUTOS = YES_AGGRESSIVE;
				GCC_WARN_UNUSED_FUNCTION = YES;
				GCC_WARN_UNUSED_VARIABLE = YES;
				MACOSX_DEPLOYMENT_TARGET = 13.3;
				MTL_ENABLE_DEBUG_INFO = INCLUDE_SOURCE;
				MTL_FAST_MATH = YES;
				ONLY_ACTIVE_ARCH = YES;
				SDKROOT = macosx;
				SWIFT_ACTIVE_COMPILATION_CONDITIONS = DEBUG;
				SWIFT_OPTIMIZATION_LEVEL = "-Onone";
			};
			name = Debug;
		};
		2BA7F09E2A9ABBA8003D38BA /* Release */ = {
			isa = XCBuildConfiguration;
			buildSettings = {
				ALWAYS_SEARCH_USER_PATHS = NO;
				CLANG_ANALYZER_NONNULL = YES;
				CLANG_ANALYZER_NUMBER_OBJECT_CONVERSION = YES_AGGRESSIVE;
				CLANG_CXX_LANGUAGE_STANDARD = "gnu++20";
				CLANG_ENABLE_MODULES = YES;
				CLANG_ENABLE_OBJC_ARC = YES;
				CLANG_ENABLE_OBJC_WEAK = YES;
				CLANG_WARN_BLOCK_CAPTURE_AUTORELEASING = YES;
				CLANG_WARN_BOOL_CONVERSION = YES;
				CLANG_WARN_COMMA = YES;
				CLANG_WARN_CONSTANT_CONVERSION = YES;
				CLANG_WARN_DEPRECATED_OBJC_IMPLEMENTATIONS = YES;
				CLANG_WARN_DIRECT_OBJC_ISA_USAGE = YES_ERROR;
				CLANG_WARN_DOCUMENTATION_COMMENTS = YES;
				CLANG_WARN_EMPTY_BODY = YES;
				CLANG_WARN_ENUM_CONVERSION = YES;
				CLANG_WARN_INFINITE_RECURSION = YES;
				CLANG_WARN_INT_CONVERSION = YES;
				CLANG_WARN_NON_LITERAL_NULL_CONVERSION = YES;
				CLANG_WARN_OBJC_IMPLICIT_RETAIN_SELF = YES;
				CLANG_WARN_OBJC_LITERAL_CONVERSION = YES;
				CLANG_WARN_OBJC_ROOT_CLASS = YES_ERROR;
				CLANG_WARN_QUOTED_INCLUDE_IN_FRAMEWORK_HEADER = YES;
				CLANG_WARN_RANGE_LOOP_ANALYSIS = YES;
				CLANG_WARN_STRICT_PROTOTYPES = YES;
				CLANG_WARN_SUSPICIOUS_MOVE = YES;
				CLANG_WARN_UNGUARDED_AVAILABILITY = YES_AGGRESSIVE;
				CLANG_WARN_UNREACHABLE_CODE = YES;
				CLANG_WARN__DUPLICATE_METHOD_MATCH = YES;
				COPY_PHASE_STRIP = NO;
				DEAD_CODE_STRIPPING = YES;
				DEBUG_INFORMATION_FORMAT = "dwarf-with-dsym";
				ENABLE_NS_ASSERTIONS = NO;
				ENABLE_STRICT_OBJC_MSGSEND = YES;
				ENABLE_USER_SCRIPT_SANDBOXING = YES;
				GCC_C_LANGUAGE_STANDARD = gnu11;
				GCC_NO_COMMON_BLOCKS = YES;
				GCC_WARN_64_TO_32_BIT_CONVERSION = YES;
				GCC_WARN_ABOUT_RETURN_TYPE = YES_ERROR;
				GCC_WARN_UNDECLARED_SELECTOR = YES;
				GCC_WARN_UNINITIALIZED_AUTOS = YES_AGGRESSIVE;
				GCC_WARN_UNUSED_FUNCTION = YES;
				GCC_WARN_UNUSED_VARIABLE = YES;
				MACOSX_DEPLOYMENT_TARGET = 13.3;
				MTL_ENABLE_DEBUG_INFO = NO;
				MTL_FAST_MATH = YES;
				SDKROOT = macosx;
				SWIFT_COMPILATION_MODE = wholemodule;
				SWIFT_OPTIMIZATION_LEVEL = "-O";
			};
			name = Release;
		};
		2BA7F0A02A9ABBA8003D38BA /* Debug */ = {
			isa = XCBuildConfiguration;
			buildSettings = {
				ASSETCATALOG_COMPILER_APPICON_NAME = AppIcon;
				ASSETCATALOG_COMPILER_GLOBAL_ACCENT_COLOR_NAME = AccentColor;
				ASSETCATALOG_COMPILER_INCLUDE_ALL_APPICON_ASSETS = YES;
				CLANG_ENABLE_MODULES = YES;
				CODE_SIGN_ENTITLEMENTS = TypeaheadAI/TypeaheadAI.entitlements;
				CODE_SIGN_IDENTITY = "Apple Development";
				"CODE_SIGN_IDENTITY[sdk=macosx*]" = "Apple Development";
				CODE_SIGN_STYLE = Automatic;
				COMBINE_HIDPI_IMAGES = YES;
				CURRENT_PROJECT_VERSION = 1;
				DEAD_CODE_STRIPPING = YES;
				DEVELOPMENT_ASSET_PATHS = "\"TypeaheadAI/Preview Content\"";
				DEVELOPMENT_TEAM = TZA789GZFT;
				ENABLE_HARDENED_RUNTIME = YES;
				ENABLE_PREVIEWS = YES;
				GENERATE_INFOPLIST_FILE = YES;
				INFOPLIST_FILE = TypeaheadAI/Info.plist;
				INFOPLIST_KEY_CFBundleDisplayName = TypeaheadAI;
				INFOPLIST_KEY_LSApplicationCategoryType = "public.app-category.productivity";
				INFOPLIST_KEY_LSUIElement = YES;
				INFOPLIST_KEY_NSAppleEventsUsageDescription = "We need to control Google Chrome to get the URL of the active tab.";
				INFOPLIST_KEY_NSHumanReadableCopyright = "";
				LD_RUNPATH_SEARCH_PATHS = (
					"$(inherited)",
					"@executable_path/../Frameworks",
				);
				MACOSX_DEPLOYMENT_TARGET = 13.0;
				MARKETING_VERSION = 2.1.19;
				PRODUCT_BUNDLE_IDENTIFIER = ai.typeahead.TypeaheadAI;
				PRODUCT_NAME = "$(TARGET_NAME)";
				PROVISIONING_PROFILE_SPECIFIER = "";
				SWIFT_EMIT_LOC_STRINGS = YES;
				SWIFT_OBJC_BRIDGING_HEADER = "TypeaheadAI/Llama/TypeaheadAI-Bridging-Header.h";
				SWIFT_OPTIMIZATION_LEVEL = "-Onone";
				SWIFT_VERSION = 5.0;
			};
			name = Debug;
		};
		2BA7F0A12A9ABBA8003D38BA /* Release */ = {
			isa = XCBuildConfiguration;
			buildSettings = {
				ASSETCATALOG_COMPILER_APPICON_NAME = AppIcon;
				ASSETCATALOG_COMPILER_GLOBAL_ACCENT_COLOR_NAME = AccentColor;
				ASSETCATALOG_COMPILER_INCLUDE_ALL_APPICON_ASSETS = YES;
				CLANG_ENABLE_MODULES = YES;
				CODE_SIGN_ENTITLEMENTS = TypeaheadAI/TypeaheadAI.entitlements;
				CODE_SIGN_IDENTITY = "Apple Development";
				"CODE_SIGN_IDENTITY[sdk=macosx*]" = "Apple Development";
				CODE_SIGN_STYLE = Automatic;
				COMBINE_HIDPI_IMAGES = YES;
				CURRENT_PROJECT_VERSION = 1;
				DEAD_CODE_STRIPPING = YES;
				DEVELOPMENT_ASSET_PATHS = "\"TypeaheadAI/Preview Content\"";
				DEVELOPMENT_TEAM = TZA789GZFT;
				ENABLE_HARDENED_RUNTIME = YES;
				ENABLE_PREVIEWS = YES;
				GENERATE_INFOPLIST_FILE = YES;
				INFOPLIST_FILE = TypeaheadAI/Info.plist;
				INFOPLIST_KEY_CFBundleDisplayName = TypeaheadAI;
				INFOPLIST_KEY_LSApplicationCategoryType = "public.app-category.productivity";
				INFOPLIST_KEY_LSUIElement = YES;
				INFOPLIST_KEY_NSAppleEventsUsageDescription = "We need to control Google Chrome to get the URL of the active tab.";
				INFOPLIST_KEY_NSHumanReadableCopyright = "";
				LD_RUNPATH_SEARCH_PATHS = (
					"$(inherited)",
					"@executable_path/../Frameworks",
				);
				MACOSX_DEPLOYMENT_TARGET = 13.0;
				MARKETING_VERSION = 2.1.19;
				PRODUCT_BUNDLE_IDENTIFIER = ai.typeahead.TypeaheadAI;
				PRODUCT_NAME = "$(TARGET_NAME)";
				PROVISIONING_PROFILE_SPECIFIER = "";
				SWIFT_EMIT_LOC_STRINGS = YES;
				SWIFT_OBJC_BRIDGING_HEADER = "TypeaheadAI/Llama/TypeaheadAI-Bridging-Header.h";
				SWIFT_VERSION = 5.0;
			};
			name = Release;
		};
		2BA7F0A32A9ABBA8003D38BA /* Debug */ = {
			isa = XCBuildConfiguration;
			buildSettings = {
				ALWAYS_EMBED_SWIFT_STANDARD_LIBRARIES = YES;
				BUNDLE_LOADER = "$(TEST_HOST)";
				CODE_SIGN_STYLE = Automatic;
				CURRENT_PROJECT_VERSION = 1;
				DEAD_CODE_STRIPPING = YES;
				DEVELOPMENT_TEAM = TZA789GZFT;
				GENERATE_INFOPLIST_FILE = YES;
				MACOSX_DEPLOYMENT_TARGET = 13.3;
				MARKETING_VERSION = 1.0;
				PRODUCT_BUNDLE_IDENTIFIER = ai.typeahead.TypeaheadAITests;
				PRODUCT_NAME = "$(TARGET_NAME)";
				SWIFT_EMIT_LOC_STRINGS = NO;
				SWIFT_VERSION = 5.0;
				TEST_HOST = "$(BUILT_PRODUCTS_DIR)/TypeaheadAI.app/$(BUNDLE_EXECUTABLE_FOLDER_PATH)/TypeaheadAI";
			};
			name = Debug;
		};
		2BA7F0A42A9ABBA8003D38BA /* Release */ = {
			isa = XCBuildConfiguration;
			buildSettings = {
				ALWAYS_EMBED_SWIFT_STANDARD_LIBRARIES = YES;
				BUNDLE_LOADER = "$(TEST_HOST)";
				CODE_SIGN_STYLE = Automatic;
				CURRENT_PROJECT_VERSION = 1;
				DEAD_CODE_STRIPPING = YES;
				DEVELOPMENT_TEAM = TZA789GZFT;
				GENERATE_INFOPLIST_FILE = YES;
				MACOSX_DEPLOYMENT_TARGET = 13.3;
				MARKETING_VERSION = 1.0;
				PRODUCT_BUNDLE_IDENTIFIER = ai.typeahead.TypeaheadAITests;
				PRODUCT_NAME = "$(TARGET_NAME)";
				SWIFT_EMIT_LOC_STRINGS = NO;
				SWIFT_VERSION = 5.0;
				TEST_HOST = "$(BUILT_PRODUCTS_DIR)/TypeaheadAI.app/$(BUNDLE_EXECUTABLE_FOLDER_PATH)/TypeaheadAI";
			};
			name = Release;
		};
		2BA7F0A62A9ABBA8003D38BA /* Debug */ = {
			isa = XCBuildConfiguration;
			buildSettings = {
				ALWAYS_EMBED_SWIFT_STANDARD_LIBRARIES = YES;
				CODE_SIGN_STYLE = Automatic;
				CURRENT_PROJECT_VERSION = 1;
				DEAD_CODE_STRIPPING = YES;
				DEVELOPMENT_TEAM = TZA789GZFT;
				GENERATE_INFOPLIST_FILE = YES;
				MARKETING_VERSION = 1.0;
				PRODUCT_BUNDLE_IDENTIFIER = ai.typeahead.TypeaheadAIUITests;
				PRODUCT_NAME = "$(TARGET_NAME)";
				SWIFT_EMIT_LOC_STRINGS = NO;
				SWIFT_VERSION = 5.0;
				TEST_TARGET_NAME = TypeaheadAI;
			};
			name = Debug;
		};
		2BA7F0A72A9ABBA8003D38BA /* Release */ = {
			isa = XCBuildConfiguration;
			buildSettings = {
				ALWAYS_EMBED_SWIFT_STANDARD_LIBRARIES = YES;
				CODE_SIGN_STYLE = Automatic;
				CURRENT_PROJECT_VERSION = 1;
				DEAD_CODE_STRIPPING = YES;
				DEVELOPMENT_TEAM = TZA789GZFT;
				GENERATE_INFOPLIST_FILE = YES;
				MARKETING_VERSION = 1.0;
				PRODUCT_BUNDLE_IDENTIFIER = ai.typeahead.TypeaheadAIUITests;
				PRODUCT_NAME = "$(TARGET_NAME)";
				SWIFT_EMIT_LOC_STRINGS = NO;
				SWIFT_VERSION = 5.0;
				TEST_TARGET_NAME = TypeaheadAI;
			};
			name = Release;
		};
/* End XCBuildConfiguration section */

/* Begin XCConfigurationList section */
		2BA7F0702A9ABBA7003D38BA /* Build configuration list for PBXProject "TypeaheadAI" */ = {
			isa = XCConfigurationList;
			buildConfigurations = (
				2BA7F09D2A9ABBA8003D38BA /* Debug */,
				2BA7F09E2A9ABBA8003D38BA /* Release */,
			);
			defaultConfigurationIsVisible = 0;
			defaultConfigurationName = Release;
		};
		2BA7F09F2A9ABBA8003D38BA /* Build configuration list for PBXNativeTarget "TypeaheadAI" */ = {
			isa = XCConfigurationList;
			buildConfigurations = (
				2BA7F0A02A9ABBA8003D38BA /* Debug */,
				2BA7F0A12A9ABBA8003D38BA /* Release */,
			);
			defaultConfigurationIsVisible = 0;
			defaultConfigurationName = Release;
		};
		2BA7F0A22A9ABBA8003D38BA /* Build configuration list for PBXNativeTarget "TypeaheadAITests" */ = {
			isa = XCConfigurationList;
			buildConfigurations = (
				2BA7F0A32A9ABBA8003D38BA /* Debug */,
				2BA7F0A42A9ABBA8003D38BA /* Release */,
			);
			defaultConfigurationIsVisible = 0;
			defaultConfigurationName = Release;
		};
		2BA7F0A52A9ABBA8003D38BA /* Build configuration list for PBXNativeTarget "TypeaheadAIUITests" */ = {
			isa = XCConfigurationList;
			buildConfigurations = (
				2BA7F0A62A9ABBA8003D38BA /* Debug */,
				2BA7F0A72A9ABBA8003D38BA /* Release */,
			);
			defaultConfigurationIsVisible = 0;
			defaultConfigurationName = Release;
		};
/* End XCConfigurationList section */

/* Begin XCRemoteSwiftPackageReference section */
		2B1F3B7C2AEC5F8500F1BB60 /* XCRemoteSwiftPackageReference "supabase-swift" */ = {
			isa = XCRemoteSwiftPackageReference;
			repositoryURL = "https://github.com/supabase-community/supabase-swift";
			requirement = {
				kind = upToNextMajorVersion;
				minimumVersion = 0.3.0;
			};
		};
		2B473E8A2AA860380042913D /* XCRemoteSwiftPackageReference "MenuBarExtraAccess" */ = {
			isa = XCRemoteSwiftPackageReference;
			repositoryURL = "https://github.com/orchetect/MenuBarExtraAccess";
			requirement = {
				kind = upToNextMajorVersion;
				minimumVersion = 1.0.0;
			};
		};
		2B4BDB872ACBED2100E55D78 /* XCRemoteSwiftPackageReference "SettingsAccess" */ = {
			isa = XCRemoteSwiftPackageReference;
			repositoryURL = "https://github.com/orchetect/SettingsAccess";
			requirement = {
				kind = upToNextMajorVersion;
				minimumVersion = 1.2.0;
			};
		};
		2B8CD4BC2B0AB13B003E0589 /* XCRemoteSwiftPackageReference "swift-markdown-ui" */ = {
			isa = XCRemoteSwiftPackageReference;
			repositoryURL = "https://github.com/kchro3/swift-markdown-ui";
			requirement = {
				branch = "kchro3/make-blocknodes-public";
				kind = branch;
			};
		};
		2BA3C2332AADAC5700537F95 /* XCRemoteSwiftPackageReference "llama" */ = {
			isa = XCRemoteSwiftPackageReference;
			repositoryURL = "https://github.com/ggerganov/llama.cpp";
			requirement = {
				branch = master;
				kind = branch;
			};
		};
		2BA7F0AC2A9ABC47003D38BA /* XCRemoteSwiftPackageReference "KeyboardShortcuts" */ = {
			isa = XCRemoteSwiftPackageReference;
			repositoryURL = "https://github.com/sindresorhus/KeyboardShortcuts";
			requirement = {
				kind = upToNextMajorVersion;
				minimumVersion = 1.0.0;
			};
		};
		2BC52A202AF1A27C00721033 /* XCRemoteSwiftPackageReference "GoogleSignIn-iOS" */ = {
			isa = XCRemoteSwiftPackageReference;
			repositoryURL = "https://github.com/google/GoogleSignIn-iOS";
			requirement = {
				kind = upToNextMajorVersion;
				minimumVersion = 7.0.0;
			};
		};
		2BDDB9872B27DDE100D52BF0 /* XCRemoteSwiftPackageReference "SwiftSoup" */ = {
			isa = XCRemoteSwiftPackageReference;
			repositoryURL = "https://github.com/scinfu/SwiftSoup";
			requirement = {
				kind = upToNextMajorVersion;
				minimumVersion = 2.6.1;
			};
		};
		2BF929832AB13FEC00FC105B /* XCRemoteSwiftPackageReference "HighlighterSwift" */ = {
			isa = XCRemoteSwiftPackageReference;
			repositoryURL = "https://github.com/smittytone/HighlighterSwift";
			requirement = {
				kind = upToNextMajorVersion;
				minimumVersion = 1.0.0;
			};
		};
		2BFC51532B38DAB200F3E559 /* XCRemoteSwiftPackageReference "LaunchAtLogin-Modern" */ = {
			isa = XCRemoteSwiftPackageReference;
			repositoryURL = "https://github.com/sindresorhus/LaunchAtLogin-Modern";
			requirement = {
				branch = main;
				kind = branch;
			};
		};
/* End XCRemoteSwiftPackageReference section */

/* Begin XCSwiftPackageProductDependency section */
		2B1F3B7D2AEC5F8500F1BB60 /* Supabase */ = {
			isa = XCSwiftPackageProductDependency;
			package = 2B1F3B7C2AEC5F8500F1BB60 /* XCRemoteSwiftPackageReference "supabase-swift" */;
			productName = Supabase;
		};
		2B473E8B2AA860380042913D /* MenuBarExtraAccess */ = {
			isa = XCSwiftPackageProductDependency;
			package = 2B473E8A2AA860380042913D /* XCRemoteSwiftPackageReference "MenuBarExtraAccess" */;
			productName = MenuBarExtraAccess;
		};
		2B4BDB882ACBED2100E55D78 /* SettingsAccess */ = {
			isa = XCSwiftPackageProductDependency;
			package = 2B4BDB872ACBED2100E55D78 /* XCRemoteSwiftPackageReference "SettingsAccess" */;
			productName = SettingsAccess;
		};
		2B8CD4BD2B0AB13B003E0589 /* MarkdownUI */ = {
			isa = XCSwiftPackageProductDependency;
			package = 2B8CD4BC2B0AB13B003E0589 /* XCRemoteSwiftPackageReference "swift-markdown-ui" */;
			productName = MarkdownUI;
		};
		2BA3C2342AADAC5700537F95 /* llama */ = {
			isa = XCSwiftPackageProductDependency;
			package = 2BA3C2332AADAC5700537F95 /* XCRemoteSwiftPackageReference "llama" */;
			productName = llama;
		};
		2BA7F0AD2A9ABC47003D38BA /* KeyboardShortcuts */ = {
			isa = XCSwiftPackageProductDependency;
			package = 2BA7F0AC2A9ABC47003D38BA /* XCRemoteSwiftPackageReference "KeyboardShortcuts" */;
			productName = KeyboardShortcuts;
		};
		2BDDB9882B27DDE100D52BF0 /* SwiftSoup */ = {
			isa = XCSwiftPackageProductDependency;
			package = 2BDDB9872B27DDE100D52BF0 /* XCRemoteSwiftPackageReference "SwiftSoup" */;
			productName = SwiftSoup;
		};
		2BF4A7E22AF1A52600AA2512 /* GoogleSignIn */ = {
			isa = XCSwiftPackageProductDependency;
			package = 2BC52A202AF1A27C00721033 /* XCRemoteSwiftPackageReference "GoogleSignIn-iOS" */;
			productName = GoogleSignIn;
		};
		2BF4A7E42AF1A52600AA2512 /* GoogleSignInSwift */ = {
			isa = XCSwiftPackageProductDependency;
			package = 2BC52A202AF1A27C00721033 /* XCRemoteSwiftPackageReference "GoogleSignIn-iOS" */;
			productName = GoogleSignInSwift;
		};
		2BF929842AB13FEC00FC105B /* Highlighter */ = {
			isa = XCSwiftPackageProductDependency;
			package = 2BF929832AB13FEC00FC105B /* XCRemoteSwiftPackageReference "HighlighterSwift" */;
			productName = Highlighter;
		};
		2BFC51542B38DAB200F3E559 /* LaunchAtLogin */ = {
			isa = XCSwiftPackageProductDependency;
			package = 2BFC51532B38DAB200F3E559 /* XCRemoteSwiftPackageReference "LaunchAtLogin-Modern" */;
			productName = LaunchAtLogin;
		};
/* End XCSwiftPackageProductDependency section */

/* Begin XCVersionGroup section */
		2BA7F0832A9ABBA8003D38BA /* TypeaheadAI.xcdatamodeld */ = {
			isa = XCVersionGroup;
			children = (
				2BA7F0842A9ABBA8003D38BA /* TypeaheadAI.xcdatamodel */,
			);
			currentVersion = 2BA7F0842A9ABBA8003D38BA /* TypeaheadAI.xcdatamodel */;
			path = TypeaheadAI.xcdatamodeld;
			sourceTree = "<group>";
			versionGroupType = wrapper.xcdatamodel;
		};
/* End XCVersionGroup section */
	};
	rootObject = 2BA7F06D2A9ABBA7003D38BA /* Project object */;
}
