{
  "pins" : [
    {
      "identity" : "keyboardshortcuts",
      "kind" : "remoteSourceControl",
      "location" : "https://github.com/sindresorhus/KeyboardShortcuts",
      "state" : {
        "revision" : "b878f8132be59576fc87e39405b1914eff9f55d3",
        "version" : "1.14.1"
      }
    },
    {
      "identity" : "llama.cpp",
      "kind" : "remoteSourceControl",
      "location" : "https://github.com/ggerganov/llama.cpp",
      "state" : {
        "branch" : "master",
        "revision" : "21ac3a1503001020122db5dce6adf34b761675f5"
      }
    },
    {
      "identity" : "menubarextraaccess",
      "kind" : "remoteSourceControl",
      "location" : "https://github.com/orchetect/MenuBarExtraAccess",
      "state" : {
        "revision" : "f5896b47e15e114975897354c7e1082c51a2bffd",
        "version" : "1.0.5"
      }
    }
  ],
  "version" : 2
}
